
Microsoft Visual Studio Solution File, Format Version 12.00
# Visual Studio Version 17
VisualStudioVersion = 17.0.31825.309
MinimumVisualStudioVersion = 10.0.40219.1
Project("{2150E333-8FDC-42A3-9474-1A3956D46DE8}") = "Projects", "Projects", "{C36AA9CF-0BE2-45AD-95B3-5B28F55E7C6F}"
EndProject
Project("{2150E333-8FDC-42A3-9474-1A3956D46DE8}") = "Solution Items", "Solution Items", "{BC7EDEE6-465F-4AC7-B976-8C42D7426365}"
	ProjectSection(SolutionItems) = preProject
		.editorconfig = .editorconfig
		.gitignore = .gitignore
		azure-pipelines.yml = azure-pipelines.yml
		codecoverage.runsettings = codecoverage.runsettings
		Directory.Build.props = Directory.Build.props
		Directory.Build.targets = Directory.Build.targets
		Directory.Packages.props = Directory.Packages.props
		global.json = global.json
		icon.png = icon.png
		license.md = license.md
		nuget.config = nuget.config
		README.md = README.md
	EndProjectSection
EndProject
Project("{9A19103F-16F7-4668-BE54-9A1E7A4F7556}") = "ISynergy.Framework.AspNetCore", "src\ISynergy.Framework.AspNetCore\ISynergy.Framework.AspNetCore.csproj", "{7189C677-1C79-4C43-A249-311FAE276591}"
EndProject
Project("{9A19103F-16F7-4668-BE54-9A1E7A4F7556}") = "ISynergy.Framework.Core", "src\ISynergy.Framework.Core\ISynergy.Framework.Core.csproj", "{3C9680BF-C7CD-4839-9487-79850CCE180C}"
EndProject
Project("{9A19103F-16F7-4668-BE54-9A1E7A4F7556}") = "ISynergy.Framework.EntityFramework", "src\ISynergy.Framework.EntityFramework\ISynergy.Framework.EntityFramework.csproj", "{FCDB6358-94B5-48FE-A3BC-696280F1E896}"
EndProject
Project("{9A19103F-16F7-4668-BE54-9A1E7A4F7556}") = "ISynergy.Framework.Geography", "src\ISynergy.Framework.Geography\ISynergy.Framework.Geography.csproj", "{65D5D300-44FE-446A-8F6D-6CF68B69023A}"
EndProject
Project("{9A19103F-16F7-4668-BE54-9A1E7A4F7556}") = "ISynergy.Framework.Mathematics", "src\ISynergy.Framework.Mathematics\ISynergy.Framework.Mathematics.csproj", "{7D4AFE36-1589-4AAB-9D15-85DEBE74DDF6}"
EndProject
Project("{9A19103F-16F7-4668-BE54-9A1E7A4F7556}") = "ISynergy.Framework.Mvvm", "src\ISynergy.Framework.Mvvm\ISynergy.Framework.Mvvm.csproj", "{3828A883-B771-4E6B-B004-E521B6D7AD52}"
EndProject
Project("{9A19103F-16F7-4668-BE54-9A1E7A4F7556}") = "ISynergy.Framework.MessageBus", "src\ISynergy.Framework.MessageBus\ISynergy.Framework.MessageBus.csproj", "{28A29566-6128-4FCA-92D7-8B5E01CB5960}"
EndProject
Project("{9A19103F-16F7-4668-BE54-9A1E7A4F7556}") = "ISynergy.Framework.MessageBus.Azure", "src\ISynergy.Framework.MessageBus.Azure\ISynergy.Framework.MessageBus.Azure.csproj", "{CA80195C-80FD-4698-82CF-6260175D928C}"
EndProject
Project("{9A19103F-16F7-4668-BE54-9A1E7A4F7556}") = "ISynergy.Framework.Storage", "src\ISynergy.Framework.Storage\ISynergy.Framework.Storage.csproj", "{6E5DB5ED-80F1-4DC7-BEED-B3DDB6149F51}"
EndProject
Project("{9A19103F-16F7-4668-BE54-9A1E7A4F7556}") = "ISynergy.Framework.Financial", "src\ISynergy.Framework.Financial\ISynergy.Framework.Financial.csproj", "{A5B0727D-FA08-4BFD-A04B-5E54183AD55C}"
EndProject
Project("{9A19103F-16F7-4668-BE54-9A1E7A4F7556}") = "ISynergy.Framework.AspNetCore.Authentication", "src\ISynergy.Framework.AspNetCore.Authentication\ISynergy.Framework.AspNetCore.Authentication.csproj", "{A89FC9B1-9C6C-4F43-8E70-1669955F8435}"
EndProject
Project("{9A19103F-16F7-4668-BE54-9A1E7A4F7556}") = "ISynergy.Framework.Storage.Azure", "src\ISynergy.Framework.Storage.Azure\ISynergy.Framework.Storage.Azure.csproj", "{B7A9DB2D-EEE5-44B5-9F09-2B044C48E25D}"
EndProject
Project("{2150E333-8FDC-42A3-9474-1A3956D46DE8}") = "Tests", "Tests", "{600436D8-B218-4FC2-B2E0-90279B1D37D5}"
EndProject
Project("{2150E333-8FDC-42A3-9474-1A3956D46DE8}") = "Documents", "Documents", "{298244B0-89FE-411C-816B-CE38C0E03DA1}"
	ProjectSection(SolutionItems) = preProject
		docs\readme.md = docs\readme.md
	EndProjectSection
EndProject
Project("{9A19103F-16F7-4668-BE54-9A1E7A4F7556}") = "ISynergy.Framework.AspNetCore.Authentication.Tests", "tests\ISynergy.Framework.AspNetCore.Authentication.Tests\ISynergy.Framework.AspNetCore.Authentication.Tests.csproj", "{10C32A17-857E-4FF9-94D6-755DEB531AF1}"
EndProject
Project("{9A19103F-16F7-4668-BE54-9A1E7A4F7556}") = "ISynergy.Framework.AspNetCore.Tests", "tests\ISynergy.Framework.AspNetCore.Tests\ISynergy.Framework.AspNetCore.Tests.csproj", "{8113C8D2-D1FC-48AD-81D3-905E11506F09}"
EndProject
Project("{9A19103F-16F7-4668-BE54-9A1E7A4F7556}") = "ISynergy.Framework.Core.Tests", "tests\ISynergy.Framework.Core.Tests\ISynergy.Framework.Core.Tests.csproj", "{39D5EB9A-C11D-4C8B-B949-A0426E2CAF86}"
EndProject
Project("{9A19103F-16F7-4668-BE54-9A1E7A4F7556}") = "ISynergy.Framework.EntityFramework.Tests", "tests\ISynergy.Framework.EntityFramework.Tests\ISynergy.Framework.EntityFramework.Tests.csproj", "{D5925745-10EA-4AA5-BB42-7EED3857D102}"
EndProject
Project("{9A19103F-16F7-4668-BE54-9A1E7A4F7556}") = "ISynergy.Framework.Financial.Tests", "tests\ISynergy.Framework.Financial.Tests\ISynergy.Framework.Financial.Tests.csproj", "{581E99A0-CDD6-4E74-BA71-8C3C4BA909F5}"
EndProject
Project("{9A19103F-16F7-4668-BE54-9A1E7A4F7556}") = "ISynergy.Framework.Geography.Tests", "tests\ISynergy.Framework.Geography.Tests\ISynergy.Framework.Geography.Tests.csproj", "{4BFFB5F9-7D13-4319-9BD2-88EC532907FF}"
EndProject
Project("{9A19103F-16F7-4668-BE54-9A1E7A4F7556}") = "ISynergy.Framework.Mathematics.Tests", "tests\ISynergy.Framework.Mathematics.Tests\ISynergy.Framework.Mathematics.Tests.csproj", "{7E0B9E2B-EEEC-4699-ADBC-2493DA23B9B4}"
EndProject
Project("{9A19103F-16F7-4668-BE54-9A1E7A4F7556}") = "ISynergy.Framework.MessageBus.Tests", "tests\ISynergy.Framework.MessageBus.Tests\ISynergy.Framework.MessageBus.Tests.csproj", "{2F85966A-48B1-4AC6-8ABE-D3E82E2BCCBF}"
EndProject
Project("{9A19103F-16F7-4668-BE54-9A1E7A4F7556}") = "ISynergy.Framework.Mvvm.Tests", "tests\ISynergy.Framework.Mvvm.Tests\ISynergy.Framework.Mvvm.Tests.csproj", "{FCC46C77-97B6-4488-8738-AF264B996922}"
EndProject
Project("{9A19103F-16F7-4668-BE54-9A1E7A4F7556}") = "ISynergy.Framework.Storage.Tests", "tests\ISynergy.Framework.Storage.Tests\ISynergy.Framework.Storage.Tests.csproj", "{90EA3365-8763-4163-905F-3F4EE36883A9}"
EndProject
Project("{2150E333-8FDC-42A3-9474-1A3956D46DE8}") = "Samples", "Samples", "{FC51DC02-2A9C-43A7-951A-9083E1A19E8C}"
EndProject
Project("{9A19103F-16F7-4668-BE54-9A1E7A4F7556}") = "Sample.MessageBus.Publisher", "samples\Sample.MessageBus.Publisher\Sample.MessageBus.Publisher.csproj", "{F0A50D88-BF53-4772-9057-B1F89442D4C4}"
EndProject
Project("{9A19103F-16F7-4668-BE54-9A1E7A4F7556}") = "Sample.MessageBus.Subscriber", "samples\Sample.MessageBus.Subscriber\Sample.MessageBus.Subscriber.csproj", "{81924AC4-C08F-4E9B-BD05-FB7F75291609}"
EndProject
Project("{9A19103F-16F7-4668-BE54-9A1E7A4F7556}") = "ISynergy.Framework.Storage.Azure.Tests", "tests\ISynergy.Framework.Storage.Azure.Tests\ISynergy.Framework.Storage.Azure.Tests.csproj", "{EF2BC539-1E73-40B0-9E84-C3FE223BD6D6}"
EndProject
Project("{9A19103F-16F7-4668-BE54-9A1E7A4F7556}") = "Sample.Storage.Azure", "samples\Sample.Storage.Azure\Sample.Storage.Azure.csproj", "{07376E2B-1FF8-4A6F-8EE7-BAB87983BE93}"
EndProject
Project("{9A19103F-16F7-4668-BE54-9A1E7A4F7556}") = "Sample.Api", "samples\Sample.Api\Sample.Api.csproj", "{7CEBC784-2ED9-4B7F-BFBD-5323AA038DDA}"
EndProject
Project("{2150E333-8FDC-42A3-9474-1A3956D46DE8}") = "ISynergy.Framework.AspNetCore", "ISynergy.Framework.AspNetCore", "{F1204C0D-99D8-47DF-B96A-8C5F83802EF2}"
EndProject
Project("{2150E333-8FDC-42A3-9474-1A3956D46DE8}") = "ISynergy.Framework.MessageBus", "ISynergy.Framework.MessageBus", "{0072263F-6637-48DC-B0AE-049A84A468BF}"
EndProject
Project("{2150E333-8FDC-42A3-9474-1A3956D46DE8}") = "ISynergy.Framework.Storage", "ISynergy.Framework.Storage", "{038DC191-004B-40CF-9B2C-C72E78164FB1}"
EndProject
Project("{2150E333-8FDC-42A3-9474-1A3956D46DE8}") = "ISynergy.Framework.UI", "ISynergy.Framework.UI", "{748C5FD2-1F73-4289-BC5C-4AC0F7FECB1B}"
EndProject
Project("{9A19103F-16F7-4668-BE54-9A1E7A4F7556}") = "Sample.Proxy", "samples\Sample.Proxy\Sample.Proxy.csproj", "{543A2855-CB68-401F-BE76-CA4042B6F900}"
EndProject
Project("{9A19103F-16F7-4668-BE54-9A1E7A4F7556}") = "ISynergy.Framework.UI", "src\ISynergy.Framework.UI\ISynergy.Framework.UI.csproj", "{837B30FA-B4F1-4ECE-B8B7-656C76C469CB}"
EndProject
Project("{9A19103F-16F7-4668-BE54-9A1E7A4F7556}") = "ISynergy.Framework", "docs\ISynergy.Framework\ISynergy.Framework.csproj", "{674FA504-9D17-4E23-8737-DC015123120E}"
EndProject
Project("{9A19103F-16F7-4668-BE54-9A1E7A4F7556}") = "ISynergy.Framework.Physics", "src\ISynergy.Framework.Physics\ISynergy.Framework.Physics.csproj", "{24DB0377-44A6-44F9-856A-DC4D7DB903E0}"
EndProject
Project("{9A19103F-16F7-4668-BE54-9A1E7A4F7556}") = "ISynergy.Framework.Physics.Tests", "tests\ISynergy.Framework.Physics.Tests\ISynergy.Framework.Physics.Tests.csproj", "{8B7AC477-9578-490F-A395-0B03F32FBAB4}"
EndProject
Project("{9A19103F-16F7-4668-BE54-9A1E7A4F7556}") = "ISynergy.Framework.IO", "src\ISynergy.Framework.IO\ISynergy.Framework.IO.csproj", "{A8A98E20-855C-4728-B21A-EB976B25F46C}"
EndProject
Project("{9A19103F-16F7-4668-BE54-9A1E7A4F7556}") = "ISynergy.Framework.IO.Tests", "tests\ISynergy.Framework.IO.Tests\ISynergy.Framework.IO.Tests.csproj", "{C2674E47-8CDF-49E3-967A-50E6996198F7}"
EndProject
Project("{9A19103F-16F7-4668-BE54-9A1E7A4F7556}") = "ISynergy.Framework.Automations.Tests", "tests\ISynergy.Framework.Automations.Tests\ISynergy.Framework.Automations.Tests.csproj", "{B780C728-98B9-49CA-992D-3C3FEF6E6BD6}"
EndProject
Project("{9A19103F-16F7-4668-BE54-9A1E7A4F7556}") = "ISynergy.Framework.Automations", "src\ISynergy.Framework.Automations\ISynergy.Framework.Automations.csproj", "{2DDFAC20-41D8-4412-8F46-20CEF34F2DB7}"
EndProject
Project("{9A19103F-16F7-4668-BE54-9A1E7A4F7556}") = "Sample.Automation", "samples\Sample.Automation\Sample.Automation.csproj", "{6561091C-BFF3-4B16-86FC-5AAF5D437742}"
EndProject
Project("{9A19103F-16F7-4668-BE54-9A1E7A4F7556}") = "ISynergy.Framework.AspNetCore.Globalization", "src\ISynergy.Framework.AspNetCore.Globalization\ISynergy.Framework.AspNetCore.Globalization.csproj", "{6FA494AD-42E5-4462-B3BF-3E53EB0446D3}"
EndProject
Project("{9A19103F-16F7-4668-BE54-9A1E7A4F7556}") = "ISynergy.Framework.AspNetCore.MultiTenancy", "src\ISynergy.Framework.AspNetCore.MultiTenancy\ISynergy.Framework.AspNetCore.MultiTenancy.csproj", "{948F35F7-3C5E-4EA1-A8B5-F01DF841CD79}"
EndProject
Project("{9A19103F-16F7-4668-BE54-9A1E7A4F7556}") = "ISynergy.Framework.Documents", "src\ISynergy.Framework.Documents\ISynergy.Framework.Documents.csproj", "{6A27C32A-975F-4BB7-919E-9E2C132D809E}"
EndProject
Project("{9A19103F-16F7-4668-BE54-9A1E7A4F7556}") = "ISynergy.Framework.Documents.Syncfusion", "src\ISynergy.Framework.Documents.Syncfusion\ISynergy.Framework.Documents.Syncfusion.csproj", "{2393484A-1B9A-475C-A9AA-8B9E313443AB}"
EndProject
Project("{9A19103F-16F7-4668-BE54-9A1E7A4F7556}") = "ISynergy.Framework.Mail", "src\ISynergy.Framework.Mail\ISynergy.Framework.Mail.csproj", "{4A785A2D-0A8B-4A07-9477-F435600435FF}"
EndProject
Project("{9A19103F-16F7-4668-BE54-9A1E7A4F7556}") = "ISynergy.Framework.Mail.SendGrid", "src\ISynergy.Framework.Mail.SendGrid\ISynergy.Framework.Mail.SendGrid.csproj", "{6C2662D7-024F-4E7B-8AF4-A4396F56941E}"
EndProject
Project("{9A19103F-16F7-4668-BE54-9A1E7A4F7556}") = "ISynergy.Framework.Monitoring", "src\ISynergy.Framework.Monitoring\ISynergy.Framework.Monitoring.csproj", "{754E91A5-A373-436C-9510-3883FF43C45C}"
EndProject
Project("{9A19103F-16F7-4668-BE54-9A1E7A4F7556}") = "ISynergy.Framework.Monitoring.Common", "src\ISynergy.Framework.Monitoring.Common\ISynergy.Framework.Monitoring.Common.csproj", "{80C0CB93-127D-4B37-BDAF-E3AE8C94E7A6}"
EndProject
Project("{9A19103F-16F7-4668-BE54-9A1E7A4F7556}") = "ISynergy.Framework.Monitoring.SignalR", "src\ISynergy.Framework.Monitoring.SignalR\ISynergy.Framework.Monitoring.SignalR.csproj", "{258AF543-6069-438C-BD59-D62C401A5675}"
EndProject
Project("{9A19103F-16F7-4668-BE54-9A1E7A4F7556}") = "ISynergy.Framework.Printer.Label", "src\ISynergy.Framework.Printer.Label\ISynergy.Framework.Printer.Label.csproj", "{6E98B6A2-9D06-4410-9ADC-FD2BE2A6C8FE}"
EndProject
Project("{9A19103F-16F7-4668-BE54-9A1E7A4F7556}") = "ISynergy.Framework.Printer.Label.Dymo", "src\ISynergy.Framework.Printer.Label.Dymo\ISynergy.Framework.Printer.Label.Dymo.csproj", "{A0BBB4FF-0C18-4193-BBAD-14D4D621FAC1}"
EndProject
Project("{9A19103F-16F7-4668-BE54-9A1E7A4F7556}") = "ISynergy.Framework.Logging", "src\ISynergy.Framework.Logging\ISynergy.Framework.Logging.csproj", "{E1E1A9AF-3846-45AB-AD51-9B0C725DBC4F}"
EndProject
Project("{9A19103F-16F7-4668-BE54-9A1E7A4F7556}") = "ISynergy.Framework.Update", "src\ISynergy.Framework.Update\ISynergy.Framework.Update.csproj", "{6C952A06-C3E0-48F2-8F6B-8928EDDA51A1}"
EndProject
Project("{2150E333-8FDC-42A3-9474-1A3956D46DE8}") = "Performance", "Performance", "{A3E1BD8B-87F0-4C8C-9C50-05B983820C1A}"
EndProject
Project("{9A19103F-16F7-4668-BE54-9A1E7A4F7556}") = "ISynergy.Framework.MessageBus.Performance", "performance\ISynergy.Framework.MessageBus.Performance\ISynergy.Framework.MessageBus.Performance.csproj", "{FAFEA37C-0C47-4C60-A13E-235C44787893}"
EndProject
Project("{9A19103F-16F7-4668-BE54-9A1E7A4F7556}") = "ISynergy.Framework.Monitoring.SignalR.Tests", "tests\ISynergy.Framework.Monitoring.SignalR.Tests\ISynergy.Framework.Monitoring.SignalR.Tests.csproj", "{0E2C0892-CA8E-4587-8BAB-C8382CF63D8D}"
EndProject
Project("{9A19103F-16F7-4668-BE54-9A1E7A4F7556}") = "Sample.Monitor.SignalR", "samples\Sample.Monitor.SignalR\Sample.Monitor.SignalR.csproj", "{7FF399FA-BCE4-49BB-8D2B-7C18C5BAE956}"
EndProject
Project("{9A19103F-16F7-4668-BE54-9A1E7A4F7556}") = "ISynergy.Framework.AspNetCore.Proxy", "src\ISynergy.Framework.AspNetCore.Proxy\ISynergy.Framework.AspNetCore.Proxy.csproj", "{63B8FE6F-7EED-4487-BA84-62E9784439CE}"
EndProject
Project("{2150E333-8FDC-42A3-9474-1A3956D46DE8}") = "ISynergy.Framework.Monitor", "ISynergy.Framework.Monitor", "{841CDBEE-6267-4B28-B5A2-04FFC5060640}"
EndProject
Project("{9A19103F-16F7-4668-BE54-9A1E7A4F7556}") = "ISynergy.Framework.AspNetCore.Synchronization.Tests", "tests\ISynergy.Framework.AspNetCore.Synchronization.Tests\ISynergy.Framework.AspNetCore.Synchronization.Tests.csproj", "{A23C3273-DA1D-44FD-8B1D-3C143E31FFE3}"
EndProject
Project("{9A19103F-16F7-4668-BE54-9A1E7A4F7556}") = "ISynergy.Framework.AspNetCore.Proxy.Tests", "tests\ISynergy.Framework.AspNetCore.Proxy.Tests\ISynergy.Framework.AspNetCore.Proxy.Tests.csproj", "{EC5D5046-0B6D-420F-BE8D-7725CCCE56E1}"
EndProject
Project("{9A19103F-16F7-4668-BE54-9A1E7A4F7556}") = "ISynergy.Framework.Logging.AppCenter", "src\ISynergy.Framework.Logging.AppCenter\ISynergy.Framework.Logging.AppCenter.csproj", "{DD562EE5-F8FF-43D2-82FF-C65AD3382119}"
EndProject
Project("{9A19103F-16F7-4668-BE54-9A1E7A4F7556}") = "ISynergy.Framework.Logging.ApplicationInsights", "src\ISynergy.Framework.Logging.ApplicationInsights\ISynergy.Framework.Logging.ApplicationInsights.csproj", "{4FC29CBA-FB76-4404-A43B-8BF51F3C7C39}"
EndProject
Project("{9A19103F-16F7-4668-BE54-9A1E7A4F7556}") = "ISynergy.Framework.Logging.Sentry", "src\ISynergy.Framework.Logging.Sentry\ISynergy.Framework.Logging.Sentry.csproj", "{D8D1E5B8-5044-46C5-813A-7B84FD71EE6C}"
EndProject
Project("{9A19103F-16F7-4668-BE54-9A1E7A4F7556}") = "ISynergy.Framework.Mail.Microsoft365", "src\ISynergy.Framework.Mail.Microsoft365\ISynergy.Framework.Mail.Microsoft365.csproj", "{46BC4527-B6C8-4BD6-A4E6-E59ED8A76499}"
EndProject
Project("{9A19103F-16F7-4668-BE54-9A1E7A4F7556}") = "ISynergy.Framework.Mail.Microsoft365.Tests", "tests\ISynergy.Framework.Mail.Microsoft365.Tests\ISynergy.Framework.Mail.Microsoft365.Tests.csproj", "{9FADB5E0-DEA2-4A72-83D1-E80D80AE403C}"
EndProject
Project("{9A19103F-16F7-4668-BE54-9A1E7A4F7556}") = "ISynergy.Framework.UI.Maui", "src\ISynergy.Framework.UI.Maui\ISynergy.Framework.UI.Maui.csproj", "{65E3E9DD-1D6C-4600-9F43-0A634A2C967A}"
EndProject
Project("{9A19103F-16F7-4668-BE54-9A1E7A4F7556}") = "ISynergy.Framework.UI.WPF", "src\ISynergy.Framework.UI.WPF\ISynergy.Framework.UI.WPF.csproj", "{F21F45A2-629E-4878-81CA-93B8D28AD85C}"
EndProject
Project("{9A19103F-16F7-4668-BE54-9A1E7A4F7556}") = "ISynergy.Framework.Update.WinUI", "src\ISynergy.Framework.Update.WinUI\ISynergy.Framework.Update.WinUI.csproj", "{9E6C793C-6855-4C86-9B82-12AB01B25D3C}"
EndProject
Project("{9A19103F-16F7-4668-BE54-9A1E7A4F7556}") = "ISynergy.Framework.Update.WPF", "src\ISynergy.Framework.Update.WPF\ISynergy.Framework.Update.WPF.csproj", "{50794499-F9D4-4DA9-887D-4A5F999F68B0}"
EndProject
Project("{9A19103F-16F7-4668-BE54-9A1E7A4F7556}") = "ISynergy.Framework.Monitoring.Client", "src\ISynergy.Framework.Monitoring.Client\ISynergy.Framework.Monitoring.Client.csproj", "{0BEEEF58-8F82-4FF9-869E-E59E491280A6}"
EndProject
Project("{2150E333-8FDC-42A3-9474-1A3956D46DE8}") = "ISynergy.Framework.Logging", "ISynergy.Framework.Logging", "{33BB7E24-FE06-472D-95F5-07FA820DD24C}"
EndProject
Project("{9A19103F-16F7-4668-BE54-9A1E7A4F7556}") = "Sample.ApplicationInsights", "samples\ISynergy.Framework.Logging\Sample.ApplicationInsights\Sample.ApplicationInsights.csproj", "{61F45E92-6F81-4DB8-B519-761FA00B3EF9}"
EndProject
Project("{9A19103F-16F7-4668-BE54-9A1E7A4F7556}") = "ISynergy.Framework.Core.Performance", "performance\ISynergy.Framework.Core.Performance\ISynergy.Framework.Core.Performance.csproj", "{4D5C0A0D-2F37-4123-8643-3AA2C99ECF4C}"
EndProject
Project("{2150E333-8FDC-42A3-9474-1A3956D46DE8}") = "Tools", "Tools", "{360CF219-B6B1-4ACB-99AA-4B35A7B23E83}"
EndProject
Project("{9A19103F-16F7-4668-BE54-9A1E7A4F7556}") = "NugetUnlister", "tools\NugetUnlister\NugetUnlister.csproj", "{74C82CAA-8146-43BD-8273-35DE21550CD0}"
EndProject
Project("{9A19103F-16F7-4668-BE54-9A1E7A4F7556}") = "ISynergy.Framework.UI.Maui.Tests", "tests\ISynergy.Framework.UI.Maui.Tests\ISynergy.Framework.UI.Maui.Tests.csproj", "{81A2E412-2D3C-4C1D-8029-D6D69DAD7137}"
EndProject
Project("{9A19103F-16F7-4668-BE54-9A1E7A4F7556}") = "ISynergy.Framework.UI.WinUI", "src\ISynergy.Framework.UI.WinUI\ISynergy.Framework.UI.WinUI.csproj", "{BBB858C0-5CEF-40E0-BBE2-9DDA9D069C94}"
EndProject
Project("{2150E333-8FDC-42A3-9474-1A3956D46DE8}") = "ISynergy.Framework.Documents.Syncfusion", "ISynergy.Framework.Documents.Syncfusion", "{F8319061-37A6-4E21-B0A8-8164524B5844}"
EndProject
Project("{9A19103F-16F7-4668-BE54-9A1E7A4F7556}") = "Sample.Syncfusion", "samples\ISynergy.Framework.Documents.Syncfusion\Sample.Syncfusion\Sample.Syncfusion.csproj", "{CD8526D4-0B44-4651-86E3-37832F33D1A2}"
EndProject
Project("{9A19103F-16F7-4668-BE54-9A1E7A4F7556}") = "ISynergy.Framework.UI.WinUI.Tests", "tests\ISynergy.Framework.UI.WinUI.Tests\ISynergy.Framework.UI.WinUI.Tests.csproj", "{7B82F850-633B-4774-94EC-28B2FFB15C22}"
EndProject
Project("{9A19103F-16F7-4668-BE54-9A1E7A4F7556}") = "Sample.WinUI", "samples\ISynergy.Framework.UI.WinUI\Sample.WinUI\Sample.WinUI.csproj", "{40F3AA9F-F3AE-4E90-A17E-C88356E3949B}"
EndProject
Project("{9A19103F-16F7-4668-BE54-9A1E7A4F7556}") = "Sample.WPF", "samples\ISynergy.Framework.UI.Wpf\Sample.WPF\Sample.WPF.csproj", "{6C818F1A-E4BE-41DF-BF4C-D271D69414E7}"
EndProject
Project("{2150E333-8FDC-42A3-9474-1A3956D46DE8}") = "Maui", "Maui", "{E11F958A-2097-46F1-982E-F738B3C340BA}"
EndProject
Project("{2150E333-8FDC-42A3-9474-1A3956D46DE8}") = "WinUI", "WinUI", "{70225C23-30DD-4B74-A87C-6FAFD75C2F7A}"
EndProject
Project("{2150E333-8FDC-42A3-9474-1A3956D46DE8}") = "WPF", "WPF", "{C79A2A25-68CC-403E-8129-52F9CE2ECF5C}"
EndProject
Project("{9A19103F-16F7-4668-BE54-9A1E7A4F7556}") = "Sample.Maui", "samples\ISynergy.Framework.UI.Maui\Sample.Maui\Sample.Maui.csproj", "{D5951F6A-C2A1-4568-B652-644410CF5BA1}"
EndProject
Project("{2150E333-8FDC-42A3-9474-1A3956D46DE8}") = "Shared", "Shared", "{F7007222-6D8B-46C2-942B-9F5BAD1FD457}"
EndProject
Project("{9A19103F-16F7-4668-BE54-9A1E7A4F7556}") = "Sample.Shared", "samples\ISynergy.Framework.UI\Sample.Shared\Sample.Shared.csproj", "{948A2EAB-9554-4DA7-A4F7-3AA13B2959D1}"
EndProject
Project("{9A19103F-16F7-4668-BE54-9A1E7A4F7556}") = "Sample.MessageBus.Shared", "samples\Sample.MessageBus.Shared\Sample.MessageBus.Shared.csproj", "{99C13F0D-C29F-478A-BAA9-716EEB970A5A}"
EndProject
Project("{FAE04EC0-301F-11D3-BF4B-00C04F79EFBC}") = "ISynergy.Framework.Update.Maui", "src\ISynergy.Framework.Update.Maui\ISynergy.Framework.Update.Maui.csproj", "{E24CD5BE-BC7E-4001-8FE5-8BA5BC23E48A}"
EndProject
Global
	GlobalSection(SolutionConfigurationPlatforms) = preSolution
		Debug|Any CPU = Debug|Any CPU
		Release|Any CPU = Release|Any CPU
	EndGlobalSection
	GlobalSection(ProjectConfigurationPlatforms) = postSolution
		{7189C677-1C79-4C43-A249-311FAE276591}.Debug|Any CPU.ActiveCfg = Debug|Any CPU
		{7189C677-1C79-4C43-A249-311FAE276591}.Debug|Any CPU.Build.0 = Debug|Any CPU
		{7189C677-1C79-4C43-A249-311FAE276591}.Release|Any CPU.ActiveCfg = Release|Any CPU
		{7189C677-1C79-4C43-A249-311FAE276591}.Release|Any CPU.Build.0 = Release|Any CPU
		{3C9680BF-C7CD-4839-9487-79850CCE180C}.Debug|Any CPU.ActiveCfg = Debug|Any CPU
		{3C9680BF-C7CD-4839-9487-79850CCE180C}.Debug|Any CPU.Build.0 = Debug|Any CPU
		{3C9680BF-C7CD-4839-9487-79850CCE180C}.Release|Any CPU.ActiveCfg = Release|Any CPU
		{3C9680BF-C7CD-4839-9487-79850CCE180C}.Release|Any CPU.Build.0 = Release|Any CPU
		{FCDB6358-94B5-48FE-A3BC-696280F1E896}.Debug|Any CPU.ActiveCfg = Debug|Any CPU
		{FCDB6358-94B5-48FE-A3BC-696280F1E896}.Debug|Any CPU.Build.0 = Debug|Any CPU
		{FCDB6358-94B5-48FE-A3BC-696280F1E896}.Release|Any CPU.ActiveCfg = Release|Any CPU
		{FCDB6358-94B5-48FE-A3BC-696280F1E896}.Release|Any CPU.Build.0 = Release|Any CPU
		{65D5D300-44FE-446A-8F6D-6CF68B69023A}.Debug|Any CPU.ActiveCfg = Debug|Any CPU
		{65D5D300-44FE-446A-8F6D-6CF68B69023A}.Debug|Any CPU.Build.0 = Debug|Any CPU
		{65D5D300-44FE-446A-8F6D-6CF68B69023A}.Release|Any CPU.ActiveCfg = Release|Any CPU
		{65D5D300-44FE-446A-8F6D-6CF68B69023A}.Release|Any CPU.Build.0 = Release|Any CPU
		{7D4AFE36-1589-4AAB-9D15-85DEBE74DDF6}.Debug|Any CPU.ActiveCfg = Debug|Any CPU
		{7D4AFE36-1589-4AAB-9D15-85DEBE74DDF6}.Debug|Any CPU.Build.0 = Debug|Any CPU
		{7D4AFE36-1589-4AAB-9D15-85DEBE74DDF6}.Release|Any CPU.ActiveCfg = Release|Any CPU
		{7D4AFE36-1589-4AAB-9D15-85DEBE74DDF6}.Release|Any CPU.Build.0 = Release|Any CPU
		{3828A883-B771-4E6B-B004-E521B6D7AD52}.Debug|Any CPU.ActiveCfg = Debug|Any CPU
		{3828A883-B771-4E6B-B004-E521B6D7AD52}.Debug|Any CPU.Build.0 = Debug|Any CPU
		{3828A883-B771-4E6B-B004-E521B6D7AD52}.Release|Any CPU.ActiveCfg = Release|Any CPU
		{3828A883-B771-4E6B-B004-E521B6D7AD52}.Release|Any CPU.Build.0 = Release|Any CPU
		{28A29566-6128-4FCA-92D7-8B5E01CB5960}.Debug|Any CPU.ActiveCfg = Debug|Any CPU
		{28A29566-6128-4FCA-92D7-8B5E01CB5960}.Debug|Any CPU.Build.0 = Debug|Any CPU
		{28A29566-6128-4FCA-92D7-8B5E01CB5960}.Release|Any CPU.ActiveCfg = Release|Any CPU
		{28A29566-6128-4FCA-92D7-8B5E01CB5960}.Release|Any CPU.Build.0 = Release|Any CPU
		{CA80195C-80FD-4698-82CF-6260175D928C}.Debug|Any CPU.ActiveCfg = Debug|Any CPU
		{CA80195C-80FD-4698-82CF-6260175D928C}.Debug|Any CPU.Build.0 = Debug|Any CPU
		{CA80195C-80FD-4698-82CF-6260175D928C}.Release|Any CPU.ActiveCfg = Release|Any CPU
		{CA80195C-80FD-4698-82CF-6260175D928C}.Release|Any CPU.Build.0 = Release|Any CPU
		{6E5DB5ED-80F1-4DC7-BEED-B3DDB6149F51}.Debug|Any CPU.ActiveCfg = Debug|Any CPU
		{6E5DB5ED-80F1-4DC7-BEED-B3DDB6149F51}.Debug|Any CPU.Build.0 = Debug|Any CPU
		{6E5DB5ED-80F1-4DC7-BEED-B3DDB6149F51}.Release|Any CPU.ActiveCfg = Release|Any CPU
		{6E5DB5ED-80F1-4DC7-BEED-B3DDB6149F51}.Release|Any CPU.Build.0 = Release|Any CPU
		{A5B0727D-FA08-4BFD-A04B-5E54183AD55C}.Debug|Any CPU.ActiveCfg = Debug|Any CPU
		{A5B0727D-FA08-4BFD-A04B-5E54183AD55C}.Debug|Any CPU.Build.0 = Debug|Any CPU
		{A5B0727D-FA08-4BFD-A04B-5E54183AD55C}.Release|Any CPU.ActiveCfg = Release|Any CPU
		{A5B0727D-FA08-4BFD-A04B-5E54183AD55C}.Release|Any CPU.Build.0 = Release|Any CPU
		{A89FC9B1-9C6C-4F43-8E70-1669955F8435}.Debug|Any CPU.ActiveCfg = Debug|Any CPU
		{A89FC9B1-9C6C-4F43-8E70-1669955F8435}.Debug|Any CPU.Build.0 = Debug|Any CPU
		{A89FC9B1-9C6C-4F43-8E70-1669955F8435}.Release|Any CPU.ActiveCfg = Release|Any CPU
		{A89FC9B1-9C6C-4F43-8E70-1669955F8435}.Release|Any CPU.Build.0 = Release|Any CPU
		{B7A9DB2D-EEE5-44B5-9F09-2B044C48E25D}.Debug|Any CPU.ActiveCfg = Debug|Any CPU
		{B7A9DB2D-EEE5-44B5-9F09-2B044C48E25D}.Debug|Any CPU.Build.0 = Debug|Any CPU
		{B7A9DB2D-EEE5-44B5-9F09-2B044C48E25D}.Release|Any CPU.ActiveCfg = Release|Any CPU
		{B7A9DB2D-EEE5-44B5-9F09-2B044C48E25D}.Release|Any CPU.Build.0 = Release|Any CPU
		{10C32A17-857E-4FF9-94D6-755DEB531AF1}.Debug|Any CPU.ActiveCfg = Debug|Any CPU
		{10C32A17-857E-4FF9-94D6-755DEB531AF1}.Debug|Any CPU.Build.0 = Debug|Any CPU
		{10C32A17-857E-4FF9-94D6-755DEB531AF1}.Release|Any CPU.ActiveCfg = Release|Any CPU
		{10C32A17-857E-4FF9-94D6-755DEB531AF1}.Release|Any CPU.Build.0 = Release|Any CPU
		{8113C8D2-D1FC-48AD-81D3-905E11506F09}.Debug|Any CPU.ActiveCfg = Debug|Any CPU
		{8113C8D2-D1FC-48AD-81D3-905E11506F09}.Debug|Any CPU.Build.0 = Debug|Any CPU
		{8113C8D2-D1FC-48AD-81D3-905E11506F09}.Release|Any CPU.ActiveCfg = Release|Any CPU
		{8113C8D2-D1FC-48AD-81D3-905E11506F09}.Release|Any CPU.Build.0 = Release|Any CPU
		{39D5EB9A-C11D-4C8B-B949-A0426E2CAF86}.Debug|Any CPU.ActiveCfg = Debug|Any CPU
		{39D5EB9A-C11D-4C8B-B949-A0426E2CAF86}.Debug|Any CPU.Build.0 = Debug|Any CPU
		{39D5EB9A-C11D-4C8B-B949-A0426E2CAF86}.Release|Any CPU.ActiveCfg = Release|Any CPU
		{39D5EB9A-C11D-4C8B-B949-A0426E2CAF86}.Release|Any CPU.Build.0 = Release|Any CPU
		{D5925745-10EA-4AA5-BB42-7EED3857D102}.Debug|Any CPU.ActiveCfg = Debug|Any CPU
		{D5925745-10EA-4AA5-BB42-7EED3857D102}.Debug|Any CPU.Build.0 = Debug|Any CPU
		{D5925745-10EA-4AA5-BB42-7EED3857D102}.Release|Any CPU.ActiveCfg = Release|Any CPU
		{D5925745-10EA-4AA5-BB42-7EED3857D102}.Release|Any CPU.Build.0 = Release|Any CPU
		{581E99A0-CDD6-4E74-BA71-8C3C4BA909F5}.Debug|Any CPU.ActiveCfg = Debug|Any CPU
		{581E99A0-CDD6-4E74-BA71-8C3C4BA909F5}.Debug|Any CPU.Build.0 = Debug|Any CPU
		{581E99A0-CDD6-4E74-BA71-8C3C4BA909F5}.Release|Any CPU.ActiveCfg = Release|Any CPU
		{581E99A0-CDD6-4E74-BA71-8C3C4BA909F5}.Release|Any CPU.Build.0 = Release|Any CPU
		{4BFFB5F9-7D13-4319-9BD2-88EC532907FF}.Debug|Any CPU.ActiveCfg = Debug|Any CPU
		{4BFFB5F9-7D13-4319-9BD2-88EC532907FF}.Debug|Any CPU.Build.0 = Debug|Any CPU
		{4BFFB5F9-7D13-4319-9BD2-88EC532907FF}.Release|Any CPU.ActiveCfg = Release|Any CPU
		{4BFFB5F9-7D13-4319-9BD2-88EC532907FF}.Release|Any CPU.Build.0 = Release|Any CPU
		{7E0B9E2B-EEEC-4699-ADBC-2493DA23B9B4}.Debug|Any CPU.ActiveCfg = Debug|Any CPU
		{7E0B9E2B-EEEC-4699-ADBC-2493DA23B9B4}.Debug|Any CPU.Build.0 = Debug|Any CPU
		{7E0B9E2B-EEEC-4699-ADBC-2493DA23B9B4}.Release|Any CPU.ActiveCfg = Release|Any CPU
		{7E0B9E2B-EEEC-4699-ADBC-2493DA23B9B4}.Release|Any CPU.Build.0 = Release|Any CPU
		{2F85966A-48B1-4AC6-8ABE-D3E82E2BCCBF}.Debug|Any CPU.ActiveCfg = Debug|Any CPU
		{2F85966A-48B1-4AC6-8ABE-D3E82E2BCCBF}.Debug|Any CPU.Build.0 = Debug|Any CPU
		{2F85966A-48B1-4AC6-8ABE-D3E82E2BCCBF}.Release|Any CPU.ActiveCfg = Release|Any CPU
		{2F85966A-48B1-4AC6-8ABE-D3E82E2BCCBF}.Release|Any CPU.Build.0 = Release|Any CPU
		{FCC46C77-97B6-4488-8738-AF264B996922}.Debug|Any CPU.ActiveCfg = Debug|Any CPU
		{FCC46C77-97B6-4488-8738-AF264B996922}.Debug|Any CPU.Build.0 = Debug|Any CPU
		{FCC46C77-97B6-4488-8738-AF264B996922}.Release|Any CPU.ActiveCfg = Release|Any CPU
		{FCC46C77-97B6-4488-8738-AF264B996922}.Release|Any CPU.Build.0 = Release|Any CPU
		{90EA3365-8763-4163-905F-3F4EE36883A9}.Debug|Any CPU.ActiveCfg = Debug|Any CPU
		{90EA3365-8763-4163-905F-3F4EE36883A9}.Debug|Any CPU.Build.0 = Debug|Any CPU
		{90EA3365-8763-4163-905F-3F4EE36883A9}.Release|Any CPU.ActiveCfg = Release|Any CPU
		{90EA3365-8763-4163-905F-3F4EE36883A9}.Release|Any CPU.Build.0 = Release|Any CPU
		{F0A50D88-BF53-4772-9057-B1F89442D4C4}.Debug|Any CPU.ActiveCfg = Debug|Any CPU
		{F0A50D88-BF53-4772-9057-B1F89442D4C4}.Debug|Any CPU.Build.0 = Debug|Any CPU
		{F0A50D88-BF53-4772-9057-B1F89442D4C4}.Release|Any CPU.ActiveCfg = Release|Any CPU
		{F0A50D88-BF53-4772-9057-B1F89442D4C4}.Release|Any CPU.Build.0 = Release|Any CPU
		{81924AC4-C08F-4E9B-BD05-FB7F75291609}.Debug|Any CPU.ActiveCfg = Debug|Any CPU
		{81924AC4-C08F-4E9B-BD05-FB7F75291609}.Debug|Any CPU.Build.0 = Debug|Any CPU
		{81924AC4-C08F-4E9B-BD05-FB7F75291609}.Release|Any CPU.ActiveCfg = Release|Any CPU
		{81924AC4-C08F-4E9B-BD05-FB7F75291609}.Release|Any CPU.Build.0 = Release|Any CPU
		{EF2BC539-1E73-40B0-9E84-C3FE223BD6D6}.Debug|Any CPU.ActiveCfg = Debug|Any CPU
		{EF2BC539-1E73-40B0-9E84-C3FE223BD6D6}.Debug|Any CPU.Build.0 = Debug|Any CPU
		{EF2BC539-1E73-40B0-9E84-C3FE223BD6D6}.Release|Any CPU.ActiveCfg = Release|Any CPU
		{EF2BC539-1E73-40B0-9E84-C3FE223BD6D6}.Release|Any CPU.Build.0 = Release|Any CPU
		{07376E2B-1FF8-4A6F-8EE7-BAB87983BE93}.Debug|Any CPU.ActiveCfg = Debug|Any CPU
		{07376E2B-1FF8-4A6F-8EE7-BAB87983BE93}.Debug|Any CPU.Build.0 = Debug|Any CPU
		{07376E2B-1FF8-4A6F-8EE7-BAB87983BE93}.Release|Any CPU.ActiveCfg = Release|Any CPU
		{07376E2B-1FF8-4A6F-8EE7-BAB87983BE93}.Release|Any CPU.Build.0 = Release|Any CPU
		{7CEBC784-2ED9-4B7F-BFBD-5323AA038DDA}.Debug|Any CPU.ActiveCfg = Debug|Any CPU
		{7CEBC784-2ED9-4B7F-BFBD-5323AA038DDA}.Debug|Any CPU.Build.0 = Debug|Any CPU
		{7CEBC784-2ED9-4B7F-BFBD-5323AA038DDA}.Release|Any CPU.ActiveCfg = Release|Any CPU
		{7CEBC784-2ED9-4B7F-BFBD-5323AA038DDA}.Release|Any CPU.Build.0 = Release|Any CPU
		{543A2855-CB68-401F-BE76-CA4042B6F900}.Debug|Any CPU.ActiveCfg = Debug|Any CPU
		{543A2855-CB68-401F-BE76-CA4042B6F900}.Debug|Any CPU.Build.0 = Debug|Any CPU
		{543A2855-CB68-401F-BE76-CA4042B6F900}.Release|Any CPU.ActiveCfg = Release|Any CPU
		{543A2855-CB68-401F-BE76-CA4042B6F900}.Release|Any CPU.Build.0 = Release|Any CPU
		{837B30FA-B4F1-4ECE-B8B7-656C76C469CB}.Debug|Any CPU.ActiveCfg = Debug|Any CPU
		{837B30FA-B4F1-4ECE-B8B7-656C76C469CB}.Debug|Any CPU.Build.0 = Debug|Any CPU
		{837B30FA-B4F1-4ECE-B8B7-656C76C469CB}.Release|Any CPU.ActiveCfg = Release|Any CPU
		{837B30FA-B4F1-4ECE-B8B7-656C76C469CB}.Release|Any CPU.Build.0 = Release|Any CPU
		{674FA504-9D17-4E23-8737-DC015123120E}.Debug|Any CPU.ActiveCfg = Debug|Any CPU
		{674FA504-9D17-4E23-8737-DC015123120E}.Release|Any CPU.ActiveCfg = Release|Any CPU
		{674FA504-9D17-4E23-8737-DC015123120E}.Release|Any CPU.Build.0 = Release|Any CPU
		{24DB0377-44A6-44F9-856A-DC4D7DB903E0}.Debug|Any CPU.ActiveCfg = Debug|Any CPU
		{24DB0377-44A6-44F9-856A-DC4D7DB903E0}.Debug|Any CPU.Build.0 = Debug|Any CPU
		{24DB0377-44A6-44F9-856A-DC4D7DB903E0}.Release|Any CPU.ActiveCfg = Release|Any CPU
		{24DB0377-44A6-44F9-856A-DC4D7DB903E0}.Release|Any CPU.Build.0 = Release|Any CPU
		{8B7AC477-9578-490F-A395-0B03F32FBAB4}.Debug|Any CPU.ActiveCfg = Debug|Any CPU
		{8B7AC477-9578-490F-A395-0B03F32FBAB4}.Debug|Any CPU.Build.0 = Debug|Any CPU
		{8B7AC477-9578-490F-A395-0B03F32FBAB4}.Release|Any CPU.ActiveCfg = Release|Any CPU
		{8B7AC477-9578-490F-A395-0B03F32FBAB4}.Release|Any CPU.Build.0 = Release|Any CPU
		{A8A98E20-855C-4728-B21A-EB976B25F46C}.Debug|Any CPU.ActiveCfg = Debug|Any CPU
		{A8A98E20-855C-4728-B21A-EB976B25F46C}.Debug|Any CPU.Build.0 = Debug|Any CPU
		{A8A98E20-855C-4728-B21A-EB976B25F46C}.Release|Any CPU.ActiveCfg = Release|Any CPU
		{A8A98E20-855C-4728-B21A-EB976B25F46C}.Release|Any CPU.Build.0 = Release|Any CPU
		{C2674E47-8CDF-49E3-967A-50E6996198F7}.Debug|Any CPU.ActiveCfg = Debug|Any CPU
		{C2674E47-8CDF-49E3-967A-50E6996198F7}.Debug|Any CPU.Build.0 = Debug|Any CPU
		{C2674E47-8CDF-49E3-967A-50E6996198F7}.Release|Any CPU.ActiveCfg = Release|Any CPU
		{C2674E47-8CDF-49E3-967A-50E6996198F7}.Release|Any CPU.Build.0 = Release|Any CPU
		{B780C728-98B9-49CA-992D-3C3FEF6E6BD6}.Debug|Any CPU.ActiveCfg = Debug|Any CPU
		{B780C728-98B9-49CA-992D-3C3FEF6E6BD6}.Debug|Any CPU.Build.0 = Debug|Any CPU
		{B780C728-98B9-49CA-992D-3C3FEF6E6BD6}.Release|Any CPU.ActiveCfg = Release|Any CPU
		{B780C728-98B9-49CA-992D-3C3FEF6E6BD6}.Release|Any CPU.Build.0 = Release|Any CPU
		{2DDFAC20-41D8-4412-8F46-20CEF34F2DB7}.Debug|Any CPU.ActiveCfg = Debug|Any CPU
		{2DDFAC20-41D8-4412-8F46-20CEF34F2DB7}.Debug|Any CPU.Build.0 = Debug|Any CPU
		{2DDFAC20-41D8-4412-8F46-20CEF34F2DB7}.Release|Any CPU.ActiveCfg = Release|Any CPU
		{2DDFAC20-41D8-4412-8F46-20CEF34F2DB7}.Release|Any CPU.Build.0 = Release|Any CPU
		{6561091C-BFF3-4B16-86FC-5AAF5D437742}.Debug|Any CPU.ActiveCfg = Debug|Any CPU
		{6561091C-BFF3-4B16-86FC-5AAF5D437742}.Debug|Any CPU.Build.0 = Debug|Any CPU
		{6561091C-BFF3-4B16-86FC-5AAF5D437742}.Release|Any CPU.ActiveCfg = Release|Any CPU
		{6561091C-BFF3-4B16-86FC-5AAF5D437742}.Release|Any CPU.Build.0 = Release|Any CPU
		{6FA494AD-42E5-4462-B3BF-3E53EB0446D3}.Debug|Any CPU.ActiveCfg = Debug|Any CPU
		{6FA494AD-42E5-4462-B3BF-3E53EB0446D3}.Debug|Any CPU.Build.0 = Debug|Any CPU
		{6FA494AD-42E5-4462-B3BF-3E53EB0446D3}.Release|Any CPU.ActiveCfg = Release|Any CPU
		{6FA494AD-42E5-4462-B3BF-3E53EB0446D3}.Release|Any CPU.Build.0 = Release|Any CPU
		{948F35F7-3C5E-4EA1-A8B5-F01DF841CD79}.Debug|Any CPU.ActiveCfg = Debug|Any CPU
		{948F35F7-3C5E-4EA1-A8B5-F01DF841CD79}.Debug|Any CPU.Build.0 = Debug|Any CPU
		{948F35F7-3C5E-4EA1-A8B5-F01DF841CD79}.Release|Any CPU.ActiveCfg = Release|Any CPU
		{948F35F7-3C5E-4EA1-A8B5-F01DF841CD79}.Release|Any CPU.Build.0 = Release|Any CPU
		{6A27C32A-975F-4BB7-919E-9E2C132D809E}.Debug|Any CPU.ActiveCfg = Debug|Any CPU
		{6A27C32A-975F-4BB7-919E-9E2C132D809E}.Debug|Any CPU.Build.0 = Debug|Any CPU
		{6A27C32A-975F-4BB7-919E-9E2C132D809E}.Release|Any CPU.ActiveCfg = Release|Any CPU
		{6A27C32A-975F-4BB7-919E-9E2C132D809E}.Release|Any CPU.Build.0 = Release|Any CPU
		{2393484A-1B9A-475C-A9AA-8B9E313443AB}.Debug|Any CPU.ActiveCfg = Debug|Any CPU
		{2393484A-1B9A-475C-A9AA-8B9E313443AB}.Debug|Any CPU.Build.0 = Debug|Any CPU
		{2393484A-1B9A-475C-A9AA-8B9E313443AB}.Release|Any CPU.ActiveCfg = Release|Any CPU
		{2393484A-1B9A-475C-A9AA-8B9E313443AB}.Release|Any CPU.Build.0 = Release|Any CPU
		{4A785A2D-0A8B-4A07-9477-F435600435FF}.Debug|Any CPU.ActiveCfg = Debug|Any CPU
		{4A785A2D-0A8B-4A07-9477-F435600435FF}.Debug|Any CPU.Build.0 = Debug|Any CPU
		{4A785A2D-0A8B-4A07-9477-F435600435FF}.Release|Any CPU.ActiveCfg = Release|Any CPU
		{4A785A2D-0A8B-4A07-9477-F435600435FF}.Release|Any CPU.Build.0 = Release|Any CPU
		{6C2662D7-024F-4E7B-8AF4-A4396F56941E}.Debug|Any CPU.ActiveCfg = Debug|Any CPU
		{6C2662D7-024F-4E7B-8AF4-A4396F56941E}.Debug|Any CPU.Build.0 = Debug|Any CPU
		{6C2662D7-024F-4E7B-8AF4-A4396F56941E}.Release|Any CPU.ActiveCfg = Release|Any CPU
		{6C2662D7-024F-4E7B-8AF4-A4396F56941E}.Release|Any CPU.Build.0 = Release|Any CPU
		{754E91A5-A373-436C-9510-3883FF43C45C}.Debug|Any CPU.ActiveCfg = Debug|Any CPU
		{754E91A5-A373-436C-9510-3883FF43C45C}.Debug|Any CPU.Build.0 = Debug|Any CPU
		{754E91A5-A373-436C-9510-3883FF43C45C}.Release|Any CPU.ActiveCfg = Release|Any CPU
		{754E91A5-A373-436C-9510-3883FF43C45C}.Release|Any CPU.Build.0 = Release|Any CPU
		{80C0CB93-127D-4B37-BDAF-E3AE8C94E7A6}.Debug|Any CPU.ActiveCfg = Debug|Any CPU
		{80C0CB93-127D-4B37-BDAF-E3AE8C94E7A6}.Debug|Any CPU.Build.0 = Debug|Any CPU
		{80C0CB93-127D-4B37-BDAF-E3AE8C94E7A6}.Release|Any CPU.ActiveCfg = Release|Any CPU
		{80C0CB93-127D-4B37-BDAF-E3AE8C94E7A6}.Release|Any CPU.Build.0 = Release|Any CPU
		{258AF543-6069-438C-BD59-D62C401A5675}.Debug|Any CPU.ActiveCfg = Debug|Any CPU
		{258AF543-6069-438C-BD59-D62C401A5675}.Debug|Any CPU.Build.0 = Debug|Any CPU
		{258AF543-6069-438C-BD59-D62C401A5675}.Release|Any CPU.ActiveCfg = Release|Any CPU
		{258AF543-6069-438C-BD59-D62C401A5675}.Release|Any CPU.Build.0 = Release|Any CPU
		{6E98B6A2-9D06-4410-9ADC-FD2BE2A6C8FE}.Debug|Any CPU.ActiveCfg = Debug|Any CPU
		{6E98B6A2-9D06-4410-9ADC-FD2BE2A6C8FE}.Debug|Any CPU.Build.0 = Debug|Any CPU
		{6E98B6A2-9D06-4410-9ADC-FD2BE2A6C8FE}.Release|Any CPU.ActiveCfg = Release|Any CPU
		{6E98B6A2-9D06-4410-9ADC-FD2BE2A6C8FE}.Release|Any CPU.Build.0 = Release|Any CPU
		{A0BBB4FF-0C18-4193-BBAD-14D4D621FAC1}.Debug|Any CPU.ActiveCfg = Debug|Any CPU
		{A0BBB4FF-0C18-4193-BBAD-14D4D621FAC1}.Debug|Any CPU.Build.0 = Debug|Any CPU
		{A0BBB4FF-0C18-4193-BBAD-14D4D621FAC1}.Release|Any CPU.ActiveCfg = Release|Any CPU
		{A0BBB4FF-0C18-4193-BBAD-14D4D621FAC1}.Release|Any CPU.Build.0 = Release|Any CPU
		{E1E1A9AF-3846-45AB-AD51-9B0C725DBC4F}.Debug|Any CPU.ActiveCfg = Debug|Any CPU
		{E1E1A9AF-3846-45AB-AD51-9B0C725DBC4F}.Debug|Any CPU.Build.0 = Debug|Any CPU
		{E1E1A9AF-3846-45AB-AD51-9B0C725DBC4F}.Release|Any CPU.ActiveCfg = Release|Any CPU
		{E1E1A9AF-3846-45AB-AD51-9B0C725DBC4F}.Release|Any CPU.Build.0 = Release|Any CPU
		{6C952A06-C3E0-48F2-8F6B-8928EDDA51A1}.Debug|Any CPU.ActiveCfg = Debug|Any CPU
		{6C952A06-C3E0-48F2-8F6B-8928EDDA51A1}.Debug|Any CPU.Build.0 = Debug|Any CPU
		{6C952A06-C3E0-48F2-8F6B-8928EDDA51A1}.Release|Any CPU.ActiveCfg = Release|Any CPU
		{6C952A06-C3E0-48F2-8F6B-8928EDDA51A1}.Release|Any CPU.Build.0 = Release|Any CPU
		{FAFEA37C-0C47-4C60-A13E-235C44787893}.Debug|Any CPU.ActiveCfg = Debug|Any CPU
		{FAFEA37C-0C47-4C60-A13E-235C44787893}.Debug|Any CPU.Build.0 = Debug|Any CPU
		{FAFEA37C-0C47-4C60-A13E-235C44787893}.Release|Any CPU.ActiveCfg = Release|Any CPU
		{FAFEA37C-0C47-4C60-A13E-235C44787893}.Release|Any CPU.Build.0 = Release|Any CPU
		{0E2C0892-CA8E-4587-8BAB-C8382CF63D8D}.Debug|Any CPU.ActiveCfg = Debug|Any CPU
		{0E2C0892-CA8E-4587-8BAB-C8382CF63D8D}.Debug|Any CPU.Build.0 = Debug|Any CPU
		{0E2C0892-CA8E-4587-8BAB-C8382CF63D8D}.Release|Any CPU.ActiveCfg = Release|Any CPU
		{0E2C0892-CA8E-4587-8BAB-C8382CF63D8D}.Release|Any CPU.Build.0 = Release|Any CPU
		{7FF399FA-BCE4-49BB-8D2B-7C18C5BAE956}.Debug|Any CPU.ActiveCfg = Debug|Any CPU
		{7FF399FA-BCE4-49BB-8D2B-7C18C5BAE956}.Debug|Any CPU.Build.0 = Debug|Any CPU
		{7FF399FA-BCE4-49BB-8D2B-7C18C5BAE956}.Release|Any CPU.ActiveCfg = Release|Any CPU
		{7FF399FA-BCE4-49BB-8D2B-7C18C5BAE956}.Release|Any CPU.Build.0 = Release|Any CPU
		{63B8FE6F-7EED-4487-BA84-62E9784439CE}.Debug|Any CPU.ActiveCfg = Debug|Any CPU
		{63B8FE6F-7EED-4487-BA84-62E9784439CE}.Debug|Any CPU.Build.0 = Debug|Any CPU
		{63B8FE6F-7EED-4487-BA84-62E9784439CE}.Release|Any CPU.ActiveCfg = Release|Any CPU
		{63B8FE6F-7EED-4487-BA84-62E9784439CE}.Release|Any CPU.Build.0 = Release|Any CPU
		{A23C3273-DA1D-44FD-8B1D-3C143E31FFE3}.Debug|Any CPU.ActiveCfg = Debug|Any CPU
		{A23C3273-DA1D-44FD-8B1D-3C143E31FFE3}.Debug|Any CPU.Build.0 = Debug|Any CPU
		{A23C3273-DA1D-44FD-8B1D-3C143E31FFE3}.Release|Any CPU.ActiveCfg = Release|Any CPU
		{A23C3273-DA1D-44FD-8B1D-3C143E31FFE3}.Release|Any CPU.Build.0 = Release|Any CPU
		{EC5D5046-0B6D-420F-BE8D-7725CCCE56E1}.Debug|Any CPU.ActiveCfg = Debug|Any CPU
		{EC5D5046-0B6D-420F-BE8D-7725CCCE56E1}.Debug|Any CPU.Build.0 = Debug|Any CPU
		{EC5D5046-0B6D-420F-BE8D-7725CCCE56E1}.Release|Any CPU.ActiveCfg = Release|Any CPU
		{EC5D5046-0B6D-420F-BE8D-7725CCCE56E1}.Release|Any CPU.Build.0 = Release|Any CPU
		{DD562EE5-F8FF-43D2-82FF-C65AD3382119}.Debug|Any CPU.ActiveCfg = Debug|Any CPU
		{DD562EE5-F8FF-43D2-82FF-C65AD3382119}.Debug|Any CPU.Build.0 = Debug|Any CPU
		{DD562EE5-F8FF-43D2-82FF-C65AD3382119}.Release|Any CPU.ActiveCfg = Release|Any CPU
		{DD562EE5-F8FF-43D2-82FF-C65AD3382119}.Release|Any CPU.Build.0 = Release|Any CPU
		{4FC29CBA-FB76-4404-A43B-8BF51F3C7C39}.Debug|Any CPU.ActiveCfg = Debug|Any CPU
		{4FC29CBA-FB76-4404-A43B-8BF51F3C7C39}.Debug|Any CPU.Build.0 = Debug|Any CPU
		{4FC29CBA-FB76-4404-A43B-8BF51F3C7C39}.Release|Any CPU.ActiveCfg = Release|Any CPU
		{4FC29CBA-FB76-4404-A43B-8BF51F3C7C39}.Release|Any CPU.Build.0 = Release|Any CPU
		{D8D1E5B8-5044-46C5-813A-7B84FD71EE6C}.Debug|Any CPU.ActiveCfg = Debug|Any CPU
		{D8D1E5B8-5044-46C5-813A-7B84FD71EE6C}.Debug|Any CPU.Build.0 = Debug|Any CPU
		{D8D1E5B8-5044-46C5-813A-7B84FD71EE6C}.Release|Any CPU.ActiveCfg = Release|Any CPU
		{D8D1E5B8-5044-46C5-813A-7B84FD71EE6C}.Release|Any CPU.Build.0 = Release|Any CPU
		{46BC4527-B6C8-4BD6-A4E6-E59ED8A76499}.Debug|Any CPU.ActiveCfg = Debug|Any CPU
		{46BC4527-B6C8-4BD6-A4E6-E59ED8A76499}.Debug|Any CPU.Build.0 = Debug|Any CPU
		{46BC4527-B6C8-4BD6-A4E6-E59ED8A76499}.Release|Any CPU.ActiveCfg = Release|Any CPU
		{46BC4527-B6C8-4BD6-A4E6-E59ED8A76499}.Release|Any CPU.Build.0 = Release|Any CPU
		{9FADB5E0-DEA2-4A72-83D1-E80D80AE403C}.Debug|Any CPU.ActiveCfg = Debug|Any CPU
		{9FADB5E0-DEA2-4A72-83D1-E80D80AE403C}.Debug|Any CPU.Build.0 = Debug|Any CPU
		{9FADB5E0-DEA2-4A72-83D1-E80D80AE403C}.Release|Any CPU.ActiveCfg = Release|Any CPU
		{9FADB5E0-DEA2-4A72-83D1-E80D80AE403C}.Release|Any CPU.Build.0 = Release|Any CPU
		{65E3E9DD-1D6C-4600-9F43-0A634A2C967A}.Debug|Any CPU.ActiveCfg = Debug|Any CPU
		{65E3E9DD-1D6C-4600-9F43-0A634A2C967A}.Debug|Any CPU.Build.0 = Debug|Any CPU
		{65E3E9DD-1D6C-4600-9F43-0A634A2C967A}.Release|Any CPU.ActiveCfg = Release|Any CPU
		{65E3E9DD-1D6C-4600-9F43-0A634A2C967A}.Release|Any CPU.Build.0 = Release|Any CPU
		{F21F45A2-629E-4878-81CA-93B8D28AD85C}.Debug|Any CPU.ActiveCfg = Debug|Any CPU
		{F21F45A2-629E-4878-81CA-93B8D28AD85C}.Debug|Any CPU.Build.0 = Debug|Any CPU
		{F21F45A2-629E-4878-81CA-93B8D28AD85C}.Release|Any CPU.ActiveCfg = Release|Any CPU
		{F21F45A2-629E-4878-81CA-93B8D28AD85C}.Release|Any CPU.Build.0 = Release|Any CPU
		{9E6C793C-6855-4C86-9B82-12AB01B25D3C}.Debug|Any CPU.ActiveCfg = Debug|Any CPU
		{9E6C793C-6855-4C86-9B82-12AB01B25D3C}.Debug|Any CPU.Build.0 = Debug|Any CPU
		{9E6C793C-6855-4C86-9B82-12AB01B25D3C}.Release|Any CPU.ActiveCfg = Release|Any CPU
		{9E6C793C-6855-4C86-9B82-12AB01B25D3C}.Release|Any CPU.Build.0 = Release|Any CPU
		{50794499-F9D4-4DA9-887D-4A5F999F68B0}.Debug|Any CPU.ActiveCfg = Debug|Any CPU
		{50794499-F9D4-4DA9-887D-4A5F999F68B0}.Debug|Any CPU.Build.0 = Debug|Any CPU
		{50794499-F9D4-4DA9-887D-4A5F999F68B0}.Release|Any CPU.ActiveCfg = Release|Any CPU
		{50794499-F9D4-4DA9-887D-4A5F999F68B0}.Release|Any CPU.Build.0 = Release|Any CPU
		{0BEEEF58-8F82-4FF9-869E-E59E491280A6}.Debug|Any CPU.ActiveCfg = Debug|Any CPU
		{0BEEEF58-8F82-4FF9-869E-E59E491280A6}.Debug|Any CPU.Build.0 = Debug|Any CPU
		{0BEEEF58-8F82-4FF9-869E-E59E491280A6}.Release|Any CPU.ActiveCfg = Release|Any CPU
		{0BEEEF58-8F82-4FF9-869E-E59E491280A6}.Release|Any CPU.Build.0 = Release|Any CPU
		{61F45E92-6F81-4DB8-B519-761FA00B3EF9}.Debug|Any CPU.ActiveCfg = Debug|Any CPU
		{61F45E92-6F81-4DB8-B519-761FA00B3EF9}.Debug|Any CPU.Build.0 = Debug|Any CPU
		{61F45E92-6F81-4DB8-B519-761FA00B3EF9}.Release|Any CPU.ActiveCfg = Release|Any CPU
		{61F45E92-6F81-4DB8-B519-761FA00B3EF9}.Release|Any CPU.Build.0 = Release|Any CPU
		{4D5C0A0D-2F37-4123-8643-3AA2C99ECF4C}.Debug|Any CPU.ActiveCfg = Debug|Any CPU
		{4D5C0A0D-2F37-4123-8643-3AA2C99ECF4C}.Debug|Any CPU.Build.0 = Debug|Any CPU
		{4D5C0A0D-2F37-4123-8643-3AA2C99ECF4C}.Release|Any CPU.ActiveCfg = Release|Any CPU
		{4D5C0A0D-2F37-4123-8643-3AA2C99ECF4C}.Release|Any CPU.Build.0 = Release|Any CPU
		{74C82CAA-8146-43BD-8273-35DE21550CD0}.Debug|Any CPU.ActiveCfg = Debug|Any CPU
		{74C82CAA-8146-43BD-8273-35DE21550CD0}.Debug|Any CPU.Build.0 = Debug|Any CPU
		{74C82CAA-8146-43BD-8273-35DE21550CD0}.Release|Any CPU.ActiveCfg = Release|Any CPU
		{74C82CAA-8146-43BD-8273-35DE21550CD0}.Release|Any CPU.Build.0 = Release|Any CPU
		{81A2E412-2D3C-4C1D-8029-D6D69DAD7137}.Debug|Any CPU.ActiveCfg = Debug|Any CPU
		{81A2E412-2D3C-4C1D-8029-D6D69DAD7137}.Debug|Any CPU.Build.0 = Debug|Any CPU
		{81A2E412-2D3C-4C1D-8029-D6D69DAD7137}.Release|Any CPU.ActiveCfg = Release|Any CPU
		{81A2E412-2D3C-4C1D-8029-D6D69DAD7137}.Release|Any CPU.Build.0 = Release|Any CPU
		{BBB858C0-5CEF-40E0-BBE2-9DDA9D069C94}.Debug|Any CPU.ActiveCfg = Debug|Any CPU
		{BBB858C0-5CEF-40E0-BBE2-9DDA9D069C94}.Debug|Any CPU.Build.0 = Debug|Any CPU
		{BBB858C0-5CEF-40E0-BBE2-9DDA9D069C94}.Release|Any CPU.ActiveCfg = Release|Any CPU
		{BBB858C0-5CEF-40E0-BBE2-9DDA9D069C94}.Release|Any CPU.Build.0 = Release|Any CPU
		{CD8526D4-0B44-4651-86E3-37832F33D1A2}.Debug|Any CPU.ActiveCfg = Debug|Any CPU
		{CD8526D4-0B44-4651-86E3-37832F33D1A2}.Debug|Any CPU.Build.0 = Debug|Any CPU
		{CD8526D4-0B44-4651-86E3-37832F33D1A2}.Release|Any CPU.ActiveCfg = Release|Any CPU
		{CD8526D4-0B44-4651-86E3-37832F33D1A2}.Release|Any CPU.Build.0 = Release|Any CPU
		{7B82F850-633B-4774-94EC-28B2FFB15C22}.Debug|Any CPU.ActiveCfg = Debug|Any CPU
		{7B82F850-633B-4774-94EC-28B2FFB15C22}.Debug|Any CPU.Build.0 = Debug|Any CPU
		{7B82F850-633B-4774-94EC-28B2FFB15C22}.Release|Any CPU.ActiveCfg = Release|Any CPU
		{7B82F850-633B-4774-94EC-28B2FFB15C22}.Release|Any CPU.Build.0 = Release|Any CPU
		{40F3AA9F-F3AE-4E90-A17E-C88356E3949B}.Debug|Any CPU.ActiveCfg = Debug|x64
		{40F3AA9F-F3AE-4E90-A17E-C88356E3949B}.Debug|Any CPU.Build.0 = Debug|x64
		{40F3AA9F-F3AE-4E90-A17E-C88356E3949B}.Debug|Any CPU.Deploy.0 = Debug|x64
		{40F3AA9F-F3AE-4E90-A17E-C88356E3949B}.Release|Any CPU.ActiveCfg = Release|x64
		{40F3AA9F-F3AE-4E90-A17E-C88356E3949B}.Release|Any CPU.Build.0 = Release|x64
		{40F3AA9F-F3AE-4E90-A17E-C88356E3949B}.Release|Any CPU.Deploy.0 = Release|x64
		{6C818F1A-E4BE-41DF-BF4C-D271D69414E7}.Debug|Any CPU.ActiveCfg = Debug|Any CPU
		{6C818F1A-E4BE-41DF-BF4C-D271D69414E7}.Debug|Any CPU.Build.0 = Debug|Any CPU
		{6C818F1A-E4BE-41DF-BF4C-D271D69414E7}.Release|Any CPU.ActiveCfg = Release|Any CPU
		{6C818F1A-E4BE-41DF-BF4C-D271D69414E7}.Release|Any CPU.Build.0 = Release|Any CPU
		{D5951F6A-C2A1-4568-B652-644410CF5BA1}.Debug|Any CPU.ActiveCfg = Debug|Any CPU
		{D5951F6A-C2A1-4568-B652-644410CF5BA1}.Debug|Any CPU.Build.0 = Debug|Any CPU
		{D5951F6A-C2A1-4568-B652-644410CF5BA1}.Debug|Any CPU.Deploy.0 = Debug|Any CPU
		{D5951F6A-C2A1-4568-B652-644410CF5BA1}.Release|Any CPU.ActiveCfg = Release|Any CPU
		{D5951F6A-C2A1-4568-B652-644410CF5BA1}.Release|Any CPU.Build.0 = Release|Any CPU
		{D5951F6A-C2A1-4568-B652-644410CF5BA1}.Release|Any CPU.Deploy.0 = Release|Any CPU
		{948A2EAB-9554-4DA7-A4F7-3AA13B2959D1}.Debug|Any CPU.ActiveCfg = Debug|Any CPU
		{948A2EAB-9554-4DA7-A4F7-3AA13B2959D1}.Debug|Any CPU.Build.0 = Debug|Any CPU
		{948A2EAB-9554-4DA7-A4F7-3AA13B2959D1}.Release|Any CPU.ActiveCfg = Release|Any CPU
		{948A2EAB-9554-4DA7-A4F7-3AA13B2959D1}.Release|Any CPU.Build.0 = Release|Any CPU
		{99C13F0D-C29F-478A-BAA9-716EEB970A5A}.Debug|Any CPU.ActiveCfg = Debug|Any CPU
		{99C13F0D-C29F-478A-BAA9-716EEB970A5A}.Debug|Any CPU.Build.0 = Debug|Any CPU
		{99C13F0D-C29F-478A-BAA9-716EEB970A5A}.Release|Any CPU.ActiveCfg = Release|Any CPU
		{99C13F0D-C29F-478A-BAA9-716EEB970A5A}.Release|Any CPU.Build.0 = Release|Any CPU
		{E24CD5BE-BC7E-4001-8FE5-8BA5BC23E48A}.Debug|Any CPU.ActiveCfg = Debug|Any CPU
		{E24CD5BE-BC7E-4001-8FE5-8BA5BC23E48A}.Debug|Any CPU.Build.0 = Debug|Any CPU
		{E24CD5BE-BC7E-4001-8FE5-8BA5BC23E48A}.Release|Any CPU.ActiveCfg = Release|Any CPU
		{E24CD5BE-BC7E-4001-8FE5-8BA5BC23E48A}.Release|Any CPU.Build.0 = Release|Any CPU
	EndGlobalSection
	GlobalSection(SolutionProperties) = preSolution
		HideSolutionNode = FALSE
	EndGlobalSection
	GlobalSection(NestedProjects) = preSolution
		{7189C677-1C79-4C43-A249-311FAE276591} = {C36AA9CF-0BE2-45AD-95B3-5B28F55E7C6F}
		{3C9680BF-C7CD-4839-9487-79850CCE180C} = {C36AA9CF-0BE2-45AD-95B3-5B28F55E7C6F}
		{FCDB6358-94B5-48FE-A3BC-696280F1E896} = {C36AA9CF-0BE2-45AD-95B3-5B28F55E7C6F}
		{65D5D300-44FE-446A-8F6D-6CF68B69023A} = {C36AA9CF-0BE2-45AD-95B3-5B28F55E7C6F}
		{7D4AFE36-1589-4AAB-9D15-85DEBE74DDF6} = {C36AA9CF-0BE2-45AD-95B3-5B28F55E7C6F}
		{3828A883-B771-4E6B-B004-E521B6D7AD52} = {C36AA9CF-0BE2-45AD-95B3-5B28F55E7C6F}
		{28A29566-6128-4FCA-92D7-8B5E01CB5960} = {C36AA9CF-0BE2-45AD-95B3-5B28F55E7C6F}
		{CA80195C-80FD-4698-82CF-6260175D928C} = {C36AA9CF-0BE2-45AD-95B3-5B28F55E7C6F}
		{6E5DB5ED-80F1-4DC7-BEED-B3DDB6149F51} = {C36AA9CF-0BE2-45AD-95B3-5B28F55E7C6F}
		{A5B0727D-FA08-4BFD-A04B-5E54183AD55C} = {C36AA9CF-0BE2-45AD-95B3-5B28F55E7C6F}
		{A89FC9B1-9C6C-4F43-8E70-1669955F8435} = {C36AA9CF-0BE2-45AD-95B3-5B28F55E7C6F}
		{B7A9DB2D-EEE5-44B5-9F09-2B044C48E25D} = {C36AA9CF-0BE2-45AD-95B3-5B28F55E7C6F}
		{10C32A17-857E-4FF9-94D6-755DEB531AF1} = {600436D8-B218-4FC2-B2E0-90279B1D37D5}
		{8113C8D2-D1FC-48AD-81D3-905E11506F09} = {600436D8-B218-4FC2-B2E0-90279B1D37D5}
		{39D5EB9A-C11D-4C8B-B949-A0426E2CAF86} = {600436D8-B218-4FC2-B2E0-90279B1D37D5}
		{D5925745-10EA-4AA5-BB42-7EED3857D102} = {600436D8-B218-4FC2-B2E0-90279B1D37D5}
		{581E99A0-CDD6-4E74-BA71-8C3C4BA909F5} = {600436D8-B218-4FC2-B2E0-90279B1D37D5}
		{4BFFB5F9-7D13-4319-9BD2-88EC532907FF} = {600436D8-B218-4FC2-B2E0-90279B1D37D5}
		{7E0B9E2B-EEEC-4699-ADBC-2493DA23B9B4} = {600436D8-B218-4FC2-B2E0-90279B1D37D5}
		{2F85966A-48B1-4AC6-8ABE-D3E82E2BCCBF} = {600436D8-B218-4FC2-B2E0-90279B1D37D5}
		{FCC46C77-97B6-4488-8738-AF264B996922} = {600436D8-B218-4FC2-B2E0-90279B1D37D5}
		{90EA3365-8763-4163-905F-3F4EE36883A9} = {600436D8-B218-4FC2-B2E0-90279B1D37D5}
		{F0A50D88-BF53-4772-9057-B1F89442D4C4} = {0072263F-6637-48DC-B0AE-049A84A468BF}
		{81924AC4-C08F-4E9B-BD05-FB7F75291609} = {0072263F-6637-48DC-B0AE-049A84A468BF}
		{EF2BC539-1E73-40B0-9E84-C3FE223BD6D6} = {600436D8-B218-4FC2-B2E0-90279B1D37D5}
		{07376E2B-1FF8-4A6F-8EE7-BAB87983BE93} = {038DC191-004B-40CF-9B2C-C72E78164FB1}
		{7CEBC784-2ED9-4B7F-BFBD-5323AA038DDA} = {F1204C0D-99D8-47DF-B96A-8C5F83802EF2}
		{F1204C0D-99D8-47DF-B96A-8C5F83802EF2} = {FC51DC02-2A9C-43A7-951A-9083E1A19E8C}
		{0072263F-6637-48DC-B0AE-049A84A468BF} = {FC51DC02-2A9C-43A7-951A-9083E1A19E8C}
		{038DC191-004B-40CF-9B2C-C72E78164FB1} = {FC51DC02-2A9C-43A7-951A-9083E1A19E8C}
		{748C5FD2-1F73-4289-BC5C-4AC0F7FECB1B} = {FC51DC02-2A9C-43A7-951A-9083E1A19E8C}
		{543A2855-CB68-401F-BE76-CA4042B6F900} = {F1204C0D-99D8-47DF-B96A-8C5F83802EF2}
		{837B30FA-B4F1-4ECE-B8B7-656C76C469CB} = {C36AA9CF-0BE2-45AD-95B3-5B28F55E7C6F}
		{674FA504-9D17-4E23-8737-DC015123120E} = {298244B0-89FE-411C-816B-CE38C0E03DA1}
		{24DB0377-44A6-44F9-856A-DC4D7DB903E0} = {C36AA9CF-0BE2-45AD-95B3-5B28F55E7C6F}
		{8B7AC477-9578-490F-A395-0B03F32FBAB4} = {600436D8-B218-4FC2-B2E0-90279B1D37D5}
		{A8A98E20-855C-4728-B21A-EB976B25F46C} = {C36AA9CF-0BE2-45AD-95B3-5B28F55E7C6F}
		{C2674E47-8CDF-49E3-967A-50E6996198F7} = {600436D8-B218-4FC2-B2E0-90279B1D37D5}
		{B780C728-98B9-49CA-992D-3C3FEF6E6BD6} = {600436D8-B218-4FC2-B2E0-90279B1D37D5}
		{2DDFAC20-41D8-4412-8F46-20CEF34F2DB7} = {C36AA9CF-0BE2-45AD-95B3-5B28F55E7C6F}
		{6561091C-BFF3-4B16-86FC-5AAF5D437742} = {F1204C0D-99D8-47DF-B96A-8C5F83802EF2}
		{6FA494AD-42E5-4462-B3BF-3E53EB0446D3} = {C36AA9CF-0BE2-45AD-95B3-5B28F55E7C6F}
		{948F35F7-3C5E-4EA1-A8B5-F01DF841CD79} = {C36AA9CF-0BE2-45AD-95B3-5B28F55E7C6F}
		{6A27C32A-975F-4BB7-919E-9E2C132D809E} = {C36AA9CF-0BE2-45AD-95B3-5B28F55E7C6F}
		{2393484A-1B9A-475C-A9AA-8B9E313443AB} = {C36AA9CF-0BE2-45AD-95B3-5B28F55E7C6F}
		{4A785A2D-0A8B-4A07-9477-F435600435FF} = {C36AA9CF-0BE2-45AD-95B3-5B28F55E7C6F}
		{6C2662D7-024F-4E7B-8AF4-A4396F56941E} = {C36AA9CF-0BE2-45AD-95B3-5B28F55E7C6F}
		{754E91A5-A373-436C-9510-3883FF43C45C} = {C36AA9CF-0BE2-45AD-95B3-5B28F55E7C6F}
		{80C0CB93-127D-4B37-BDAF-E3AE8C94E7A6} = {C36AA9CF-0BE2-45AD-95B3-5B28F55E7C6F}
		{258AF543-6069-438C-BD59-D62C401A5675} = {C36AA9CF-0BE2-45AD-95B3-5B28F55E7C6F}
		{6E98B6A2-9D06-4410-9ADC-FD2BE2A6C8FE} = {C36AA9CF-0BE2-45AD-95B3-5B28F55E7C6F}
		{A0BBB4FF-0C18-4193-BBAD-14D4D621FAC1} = {C36AA9CF-0BE2-45AD-95B3-5B28F55E7C6F}
		{E1E1A9AF-3846-45AB-AD51-9B0C725DBC4F} = {C36AA9CF-0BE2-45AD-95B3-5B28F55E7C6F}
		{6C952A06-C3E0-48F2-8F6B-8928EDDA51A1} = {C36AA9CF-0BE2-45AD-95B3-5B28F55E7C6F}
		{FAFEA37C-0C47-4C60-A13E-235C44787893} = {A3E1BD8B-87F0-4C8C-9C50-05B983820C1A}
		{0E2C0892-CA8E-4587-8BAB-C8382CF63D8D} = {600436D8-B218-4FC2-B2E0-90279B1D37D5}
		{7FF399FA-BCE4-49BB-8D2B-7C18C5BAE956} = {841CDBEE-6267-4B28-B5A2-04FFC5060640}
		{63B8FE6F-7EED-4487-BA84-62E9784439CE} = {C36AA9CF-0BE2-45AD-95B3-5B28F55E7C6F}
		{841CDBEE-6267-4B28-B5A2-04FFC5060640} = {FC51DC02-2A9C-43A7-951A-9083E1A19E8C}
		{A23C3273-DA1D-44FD-8B1D-3C143E31FFE3} = {600436D8-B218-4FC2-B2E0-90279B1D37D5}
		{EC5D5046-0B6D-420F-BE8D-7725CCCE56E1} = {600436D8-B218-4FC2-B2E0-90279B1D37D5}
		{DD562EE5-F8FF-43D2-82FF-C65AD3382119} = {C36AA9CF-0BE2-45AD-95B3-5B28F55E7C6F}
		{4FC29CBA-FB76-4404-A43B-8BF51F3C7C39} = {C36AA9CF-0BE2-45AD-95B3-5B28F55E7C6F}
		{D8D1E5B8-5044-46C5-813A-7B84FD71EE6C} = {C36AA9CF-0BE2-45AD-95B3-5B28F55E7C6F}
		{46BC4527-B6C8-4BD6-A4E6-E59ED8A76499} = {C36AA9CF-0BE2-45AD-95B3-5B28F55E7C6F}
		{9FADB5E0-DEA2-4A72-83D1-E80D80AE403C} = {600436D8-B218-4FC2-B2E0-90279B1D37D5}
		{65E3E9DD-1D6C-4600-9F43-0A634A2C967A} = {C36AA9CF-0BE2-45AD-95B3-5B28F55E7C6F}
		{F21F45A2-629E-4878-81CA-93B8D28AD85C} = {C36AA9CF-0BE2-45AD-95B3-5B28F55E7C6F}
		{9E6C793C-6855-4C86-9B82-12AB01B25D3C} = {C36AA9CF-0BE2-45AD-95B3-5B28F55E7C6F}
		{50794499-F9D4-4DA9-887D-4A5F999F68B0} = {C36AA9CF-0BE2-45AD-95B3-5B28F55E7C6F}
		{0BEEEF58-8F82-4FF9-869E-E59E491280A6} = {C36AA9CF-0BE2-45AD-95B3-5B28F55E7C6F}
		{33BB7E24-FE06-472D-95F5-07FA820DD24C} = {FC51DC02-2A9C-43A7-951A-9083E1A19E8C}
		{61F45E92-6F81-4DB8-B519-761FA00B3EF9} = {33BB7E24-FE06-472D-95F5-07FA820DD24C}
		{4D5C0A0D-2F37-4123-8643-3AA2C99ECF4C} = {A3E1BD8B-87F0-4C8C-9C50-05B983820C1A}
		{74C82CAA-8146-43BD-8273-35DE21550CD0} = {360CF219-B6B1-4ACB-99AA-4B35A7B23E83}
		{81A2E412-2D3C-4C1D-8029-D6D69DAD7137} = {600436D8-B218-4FC2-B2E0-90279B1D37D5}
		{BBB858C0-5CEF-40E0-BBE2-9DDA9D069C94} = {C36AA9CF-0BE2-45AD-95B3-5B28F55E7C6F}
		{F8319061-37A6-4E21-B0A8-8164524B5844} = {FC51DC02-2A9C-43A7-951A-9083E1A19E8C}
		{CD8526D4-0B44-4651-86E3-37832F33D1A2} = {F8319061-37A6-4E21-B0A8-8164524B5844}
		{7B82F850-633B-4774-94EC-28B2FFB15C22} = {600436D8-B218-4FC2-B2E0-90279B1D37D5}
		{40F3AA9F-F3AE-4E90-A17E-C88356E3949B} = {70225C23-30DD-4B74-A87C-6FAFD75C2F7A}
		{6C818F1A-E4BE-41DF-BF4C-D271D69414E7} = {C79A2A25-68CC-403E-8129-52F9CE2ECF5C}
		{E11F958A-2097-46F1-982E-F738B3C340BA} = {748C5FD2-1F73-4289-BC5C-4AC0F7FECB1B}
		{70225C23-30DD-4B74-A87C-6FAFD75C2F7A} = {748C5FD2-1F73-4289-BC5C-4AC0F7FECB1B}
		{C79A2A25-68CC-403E-8129-52F9CE2ECF5C} = {748C5FD2-1F73-4289-BC5C-4AC0F7FECB1B}
		{D5951F6A-C2A1-4568-B652-644410CF5BA1} = {E11F958A-2097-46F1-982E-F738B3C340BA}
		{F7007222-6D8B-46C2-942B-9F5BAD1FD457} = {748C5FD2-1F73-4289-BC5C-4AC0F7FECB1B}
		{948A2EAB-9554-4DA7-A4F7-3AA13B2959D1} = {F7007222-6D8B-46C2-942B-9F5BAD1FD457}
		{99C13F0D-C29F-478A-BAA9-716EEB970A5A} = {0072263F-6637-48DC-B0AE-049A84A468BF}
		{E24CD5BE-BC7E-4001-8FE5-8BA5BC23E48A} = {C36AA9CF-0BE2-45AD-95B3-5B28F55E7C6F}
	EndGlobalSection
	GlobalSection(ExtensibilityGlobals) = postSolution
		SolutionGuid = {1E1277E6-952C-4650-83D5-16EB364C4FC7}
	EndGlobalSection
EndGlobal
