
Microsoft Visual Studio Solution File, Format Version 12.00
# Visual Studio Version 16
VisualStudioVersion = 16.0.29411.108
MinimumVisualStudioVersion = 10.0.40219.1
Project("{2150E333-8FDC-42A3-9474-1A3956D46DE8}") = "Projects", "Projects", "{C36AA9CF-0BE2-45AD-95B3-5B28F55E7C6F}"
EndProject
Project("{2150E333-8FDC-42A3-9474-1A3956D46DE8}") = "Solution Items", "Solution Items", "{BC7EDEE6-465F-4AC7-B976-8C42D7426365}"
	ProjectSection(SolutionItems) = preProject
		.editorconfig = .editorconfig
		.gitignore = .gitignore
		azure-pipelines.yml = azure-pipelines.yml
		codecoverage.runsettings = codecoverage.runsettings
		nuget.config = nuget.config
		project.props = project.props
		README.md = README.md
	EndProjectSection
EndProject
Project("{9A19103F-16F7-4668-BE54-9A1E7A4F7556}") = "I-Synergy.Framework.AspNetCore", "src\I-Synergy.Framework.AspNetCore\I-Synergy.Framework.AspNetCore.csproj", "{7189C677-1C79-4C43-A249-311FAE276591}"
EndProject
Project("{9A19103F-16F7-4668-BE54-9A1E7A4F7556}") = "I-Synergy.Framework.Core", "src\I-Synergy.Framework.Core\I-Synergy.Framework.Core.csproj", "{3C9680BF-C7CD-4839-9487-79850CCE180C}"
EndProject
Project("{9A19103F-16F7-4668-BE54-9A1E7A4F7556}") = "I-Synergy.Framework.EntityFramework", "src\I-Synergy.Framework.EntityFramework\I-Synergy.Framework.EntityFramework.csproj", "{FCDB6358-94B5-48FE-A3BC-696280F1E896}"
EndProject
Project("{9A19103F-16F7-4668-BE54-9A1E7A4F7556}") = "I-Synergy.Framework.Geography", "src\I-Synergy.Framework.Geography\I-Synergy.Framework.Geography.csproj", "{65D5D300-44FE-446A-8F6D-6CF68B69023A}"
EndProject
Project("{9A19103F-16F7-4668-BE54-9A1E7A4F7556}") = "I-Synergy.Framework.Mathematics", "src\I-Synergy.Framework.Mathematics\I-Synergy.Framework.Mathematics.csproj", "{7D4AFE36-1589-4AAB-9D15-85DEBE74DDF6}"
EndProject
Project("{9A19103F-16F7-4668-BE54-9A1E7A4F7556}") = "I-Synergy.Framework.Mvvm", "src\I-Synergy.Framework.Mvvm\I-Synergy.Framework.Mvvm.csproj", "{3828A883-B771-4E6B-B004-E521B6D7AD52}"
EndProject
Project("{9A19103F-16F7-4668-BE54-9A1E7A4F7556}") = "I-Synergy.Framework.MessageBus", "src\I-Synergy.Framework.MessageBus\I-Synergy.Framework.MessageBus.csproj", "{28A29566-6128-4FCA-92D7-8B5E01CB5960}"
EndProject
Project("{9A19103F-16F7-4668-BE54-9A1E7A4F7556}") = "I-Synergy.Framework.MessageBus.Azure", "src\I-Synergy.Framework.MessageBus.Azure\I-Synergy.Framework.MessageBus.Azure.csproj", "{CA80195C-80FD-4698-82CF-6260175D928C}"
EndProject
Project("{9A19103F-16F7-4668-BE54-9A1E7A4F7556}") = "I-Synergy.Framework.Storage", "src\I-Synergy.Framework.Storage\I-Synergy.Framework.Storage.csproj", "{6E5DB5ED-80F1-4DC7-BEED-B3DDB6149F51}"
EndProject
Project("{9A19103F-16F7-4668-BE54-9A1E7A4F7556}") = "I-Synergy.Framework.Financial", "src\I-Synergy.Framework.Financial\I-Synergy.Framework.Financial.csproj", "{A5B0727D-FA08-4BFD-A04B-5E54183AD55C}"
EndProject
Project("{9A19103F-16F7-4668-BE54-9A1E7A4F7556}") = "I-Synergy.Framework.AspNetCore.Authentication", "src\I-Synergy.Framework.AspNetCore.Authentication\I-Synergy.Framework.AspNetCore.Authentication.csproj", "{A89FC9B1-9C6C-4F43-8E70-1669955F8435}"
EndProject
Project("{9A19103F-16F7-4668-BE54-9A1E7A4F7556}") = "I-Synergy.Framework.Storage.Azure", "src\I-Synergy.Framework.Storage.Azure\I-Synergy.Framework.Storage.Azure.csproj", "{B7A9DB2D-EEE5-44B5-9F09-2B044C48E25D}"
EndProject
Project("{FAE04EC0-301F-11D3-BF4B-00C04F79EFBC}") = "I-Synergy.Framework.Windows", "src\I-Synergy.Framework.Windows\I-Synergy.Framework.Windows.csproj", "{035D0B2D-A55D-42ED-A654-44661E48A2F7}"
EndProject
Project("{2150E333-8FDC-42A3-9474-1A3956D46DE8}") = "Tests", "Tests", "{600436D8-B218-4FC2-B2E0-90279B1D37D5}"
EndProject
Project("{2150E333-8FDC-42A3-9474-1A3956D46DE8}") = "Documents", "Documents", "{298244B0-89FE-411C-816B-CE38C0E03DA1}"
	ProjectSection(SolutionItems) = preProject
		docs\deployment.md = docs\deployment.md
		docs\readme.md = docs\readme.md
	EndProjectSection
EndProject
Project("{2150E333-8FDC-42A3-9474-1A3956D46DE8}") = "Build", "Build", "{E60E85EB-6F23-4EDC-ACAA-B350BA26EFB6}"
	ProjectSection(SolutionItems) = preProject
		build\createplatformdll.ps1 = build\createplatformdll.ps1
		build\sign.ps1 = build\sign.ps1
		build\updatebuildnumber.ps1 = build\updatebuildnumber.ps1
	EndProjectSection
EndProject
Project("{9A19103F-16F7-4668-BE54-9A1E7A4F7556}") = "I-Synergy.Framework.AspNetCore.Authentication.Tests", "tests\I-Synergy.Framework.AspNetCore.Authentication.Tests\I-Synergy.Framework.AspNetCore.Authentication.Tests.csproj", "{10C32A17-857E-4FF9-94D6-755DEB531AF1}"
EndProject
Project("{9A19103F-16F7-4668-BE54-9A1E7A4F7556}") = "I-Synergy.Framework.AspNetCore.Tests", "tests\I-Synergy.Framework.AspNetCore.Tests\I-Synergy.Framework.AspNetCore.Tests.csproj", "{8113C8D2-D1FC-48AD-81D3-905E11506F09}"
EndProject
Project("{9A19103F-16F7-4668-BE54-9A1E7A4F7556}") = "I-Synergy.Framework.Core.Tests", "tests\I-Synergy.Framework.Core.Tests\I-Synergy.Framework.Core.Tests.csproj", "{39D5EB9A-C11D-4C8B-B949-A0426E2CAF86}"
EndProject
Project("{9A19103F-16F7-4668-BE54-9A1E7A4F7556}") = "I-Synergy.Framework.EntityFramework.Tests", "tests\I-Synergy.Framework.EntityFramework.Tests\I-Synergy.Framework.EntityFramework.Tests.csproj", "{D5925745-10EA-4AA5-BB42-7EED3857D102}"
EndProject
Project("{9A19103F-16F7-4668-BE54-9A1E7A4F7556}") = "I-Synergy.Framework.Financial.Tests", "tests\I-Synergy.Framework.Financial.Tests\I-Synergy.Framework.Financial.Tests.csproj", "{581E99A0-CDD6-4E74-BA71-8C3C4BA909F5}"
EndProject
Project("{9A19103F-16F7-4668-BE54-9A1E7A4F7556}") = "I-Synergy.Framework.Geography.Tests", "tests\I-Synergy.Framework.Geography.Tests\I-Synergy.Framework.Geography.Tests.csproj", "{4BFFB5F9-7D13-4319-9BD2-88EC532907FF}"
EndProject
Project("{9A19103F-16F7-4668-BE54-9A1E7A4F7556}") = "I-Synergy.Framework.Mathematics.Tests", "tests\I-Synergy.Framework.Mathematics.Tests\I-Synergy.Framework.Mathematics.Tests.csproj", "{7E0B9E2B-EEEC-4699-ADBC-2493DA23B9B4}"
EndProject
Project("{9A19103F-16F7-4668-BE54-9A1E7A4F7556}") = "I-Synergy.Framework.MessageBus.Tests", "tests\I-Synergy.Framework.MessageBus.Tests\I-Synergy.Framework.MessageBus.Tests.csproj", "{2F85966A-48B1-4AC6-8ABE-D3E82E2BCCBF}"
EndProject
Project("{9A19103F-16F7-4668-BE54-9A1E7A4F7556}") = "I-Synergy.Framework.Mvvm.Tests", "tests\I-Synergy.Framework.Mvvm.Tests\I-Synergy.Framework.Mvvm.Tests.csproj", "{FCC46C77-97B6-4488-8738-AF264B996922}"
EndProject
Project("{9A19103F-16F7-4668-BE54-9A1E7A4F7556}") = "I-Synergy.Framework.Storage.Tests", "tests\I-Synergy.Framework.Storage.Tests\I-Synergy.Framework.Storage.Tests.csproj", "{90EA3365-8763-4163-905F-3F4EE36883A9}"
EndProject
Project("{FAE04EC0-301F-11D3-BF4B-00C04F79EFBC}") = "I-Synergy.Framework.Windows.Tests", "tests\I-Synergy.Framework.Windows.Tests\I-Synergy.Framework.Windows.Tests.csproj", "{9EAB1350-7B84-4546-87D7-2C03E317220E}"
EndProject
Project("{2150E333-8FDC-42A3-9474-1A3956D46DE8}") = "Nuget", "Nuget", "{1217ABA2-166D-4C13-AC93-B66CE90FA4D7}"
	ProjectSection(SolutionItems) = preProject
		nuget\I-Synergy.Framework.AspNetCore.Authentication.nuspec = nuget\I-Synergy.Framework.AspNetCore.Authentication.nuspec
		nuget\I-Synergy.Framework.AspNetCore.nuspec = nuget\I-Synergy.Framework.AspNetCore.nuspec
		nuget\I-Synergy.Framework.Core.nuspec = nuget\I-Synergy.Framework.Core.nuspec
		nuget\I-Synergy.Framework.Entities.nuspec = nuget\I-Synergy.Framework.Entities.nuspec
		nuget\I-Synergy.Framework.EntityFramework.nuspec = nuget\I-Synergy.Framework.EntityFramework.nuspec
		nuget\I-Synergy.Framework.Financial.nuspec = nuget\I-Synergy.Framework.Financial.nuspec
		nuget\I-Synergy.Framework.Geography.nuspec = nuget\I-Synergy.Framework.Geography.nuspec
		nuget\I-Synergy.Framework.Mathematics.nuspec = nuget\I-Synergy.Framework.Mathematics.nuspec
		nuget\I-Synergy.Framework.MessageBus.Azure.nuspec = nuget\I-Synergy.Framework.MessageBus.Azure.nuspec
		nuget\I-Synergy.Framework.MessageBus.nuspec = nuget\I-Synergy.Framework.MessageBus.nuspec
		nuget\I-Synergy.Framework.Models.nuspec = nuget\I-Synergy.Framework.Models.nuspec
		nuget\I-Synergy.Framework.Mvvm.nuspec = nuget\I-Synergy.Framework.Mvvm.nuspec
		nuget\I-Synergy.Framework.Storage.Azure.nuspec = nuget\I-Synergy.Framework.Storage.Azure.nuspec
		nuget\I-Synergy.Framework.Storage.nuspec = nuget\I-Synergy.Framework.Storage.nuspec
		nuget\I-Synergy.Framework.Windows.nuspec = nuget\I-Synergy.Framework.Windows.nuspec
	EndProjectSection
EndProject
Project("{2150E333-8FDC-42A3-9474-1A3956D46DE8}") = "Samples", "Samples", "{FC51DC02-2A9C-43A7-951A-9083E1A19E8C}"
EndProject
Project("{9A19103F-16F7-4668-BE54-9A1E7A4F7556}") = "I-Synergy.Framework.MessageBus.Sample.Publisher", "samples\I-Synergy.Framework.MessageBus.Sample.Publisher\I-Synergy.Framework.MessageBus.Sample.Publisher.csproj", "{F0A50D88-BF53-4772-9057-B1F89442D4C4}"
EndProject
Project("{D954291E-2A0B-460D-934E-DC6B0785DB48}") = "I-Synergy.Framework.Messagebus.Sample.Shared", "samples\I-Synergy.Framework.Messagebus.Sample.Shared\I-Synergy.Framework.Messagebus.Sample.Shared.shproj", "{58AC244E-38E5-4165-A25E-FEDAD3AD26C2}"
EndProject
Project("{9A19103F-16F7-4668-BE54-9A1E7A4F7556}") = "I-Synergy.Framework.MessageBus.Sample.Subscriber", "samples\I-Synergy.Framework.MessageBus.Sample.Subscriber\I-Synergy.Framework.MessageBus.Sample.Subscriber.csproj", "{81924AC4-C08F-4E9B-BD05-FB7F75291609}"
EndProject
Project("{9A19103F-16F7-4668-BE54-9A1E7A4F7556}") = "I-Synergy.Framework.Models", "src\I-Synergy.Framework.Models\I-Synergy.Framework.Models.csproj", "{3D70F4CE-2E91-43DE-B278-D75B06C4B38E}"
EndProject
Project("{9A19103F-16F7-4668-BE54-9A1E7A4F7556}") = "I-Synergy.Framework.Entities", "src\I-Synergy.Framework.Entities\I-Synergy.Framework.Entities.csproj", "{5332B938-2158-4C3C-968A-630BFBE5D4D5}"
EndProject
Project("{FAE04EC0-301F-11D3-BF4B-00C04F79EFBC}") = "I-Synergy.Framework.Windows.Samples", "samples\I-Synergy.Framework.Windows.Samples\I-Synergy.Framework.Windows.Samples.csproj", "{5E8B5AE3-C39B-4BA3-B5AA-E9EAD02104D2}"
EndProject
Project("{9A19103F-16F7-4668-BE54-9A1E7A4F7556}") = "I-Synergy.Framework.Storage.Azure.Tests", "tests\I-Synergy.Framework.Storage.Azure.Tests\I-Synergy.Framework.Storage.Azure.Tests.csproj", "{EF2BC539-1E73-40B0-9E84-C3FE223BD6D6}"
EndProject
Project("{9A19103F-16F7-4668-BE54-9A1E7A4F7556}") = "I-Synergy.Framework.Storage.Azure.Sample", "samples\I-Synergy.Framework.Storage.Azure.Sample\I-Synergy.Framework.Storage.Azure.Sample.csproj", "{07376E2B-1FF8-4A6F-8EE7-BAB87983BE93}"
EndProject
Global
	GlobalSection(SharedMSBuildProjectFiles) = preSolution
		samples\I-Synergy.Framework.Messagebus.Sample.Shared\I-Synergy.Framework.Messagebus.Sample.Shared.projitems*{58ac244e-38e5-4165-a25e-fedad3ad26c2}*SharedItemsImports = 13
		samples\I-Synergy.Framework.Messagebus.Sample.Shared\I-Synergy.Framework.Messagebus.Sample.Shared.projitems*{81924ac4-c08f-4e9b-bd05-fb7f75291609}*SharedItemsImports = 5
		samples\I-Synergy.Framework.Messagebus.Sample.Shared\I-Synergy.Framework.Messagebus.Sample.Shared.projitems*{f0a50d88-bf53-4772-9057-b1f89442d4c4}*SharedItemsImports = 5
	EndGlobalSection
	GlobalSection(SolutionConfigurationPlatforms) = preSolution
		Debug|Any CPU = Debug|Any CPU
		Debug|ARM = Debug|ARM
		Debug|ARM64 = Debug|ARM64
		Debug|x64 = Debug|x64
		Debug|x86 = Debug|x86
		Release|Any CPU = Release|Any CPU
		Release|ARM = Release|ARM
		Release|ARM64 = Release|ARM64
		Release|x64 = Release|x64
		Release|x86 = Release|x86
	EndGlobalSection
	GlobalSection(ProjectConfigurationPlatforms) = postSolution
		{7189C677-1C79-4C43-A249-311FAE276591}.Debug|Any CPU.ActiveCfg = Debug|Any CPU
		{7189C677-1C79-4C43-A249-311FAE276591}.Debug|Any CPU.Build.0 = Debug|Any CPU
		{7189C677-1C79-4C43-A249-311FAE276591}.Debug|ARM.ActiveCfg = Debug|Any CPU
		{7189C677-1C79-4C43-A249-311FAE276591}.Debug|ARM.Build.0 = Debug|Any CPU
		{7189C677-1C79-4C43-A249-311FAE276591}.Debug|ARM64.ActiveCfg = Debug|Any CPU
		{7189C677-1C79-4C43-A249-311FAE276591}.Debug|ARM64.Build.0 = Debug|Any CPU
		{7189C677-1C79-4C43-A249-311FAE276591}.Debug|x64.ActiveCfg = Debug|Any CPU
		{7189C677-1C79-4C43-A249-311FAE276591}.Debug|x64.Build.0 = Debug|Any CPU
		{7189C677-1C79-4C43-A249-311FAE276591}.Debug|x86.ActiveCfg = Debug|Any CPU
		{7189C677-1C79-4C43-A249-311FAE276591}.Debug|x86.Build.0 = Debug|Any CPU
		{7189C677-1C79-4C43-A249-311FAE276591}.Release|Any CPU.ActiveCfg = Release|Any CPU
		{7189C677-1C79-4C43-A249-311FAE276591}.Release|Any CPU.Build.0 = Release|Any CPU
		{7189C677-1C79-4C43-A249-311FAE276591}.Release|ARM.ActiveCfg = Release|Any CPU
		{7189C677-1C79-4C43-A249-311FAE276591}.Release|ARM.Build.0 = Release|Any CPU
		{7189C677-1C79-4C43-A249-311FAE276591}.Release|ARM64.ActiveCfg = Release|Any CPU
		{7189C677-1C79-4C43-A249-311FAE276591}.Release|ARM64.Build.0 = Release|Any CPU
		{7189C677-1C79-4C43-A249-311FAE276591}.Release|x64.ActiveCfg = Release|Any CPU
		{7189C677-1C79-4C43-A249-311FAE276591}.Release|x64.Build.0 = Release|Any CPU
		{7189C677-1C79-4C43-A249-311FAE276591}.Release|x86.ActiveCfg = Release|Any CPU
		{7189C677-1C79-4C43-A249-311FAE276591}.Release|x86.Build.0 = Release|Any CPU
		{3C9680BF-C7CD-4839-9487-79850CCE180C}.Debug|Any CPU.ActiveCfg = Debug|Any CPU
		{3C9680BF-C7CD-4839-9487-79850CCE180C}.Debug|Any CPU.Build.0 = Debug|Any CPU
		{3C9680BF-C7CD-4839-9487-79850CCE180C}.Debug|ARM.ActiveCfg = Debug|Any CPU
		{3C9680BF-C7CD-4839-9487-79850CCE180C}.Debug|ARM.Build.0 = Debug|Any CPU
		{3C9680BF-C7CD-4839-9487-79850CCE180C}.Debug|ARM64.ActiveCfg = Debug|Any CPU
		{3C9680BF-C7CD-4839-9487-79850CCE180C}.Debug|ARM64.Build.0 = Debug|Any CPU
		{3C9680BF-C7CD-4839-9487-79850CCE180C}.Debug|x64.ActiveCfg = Debug|Any CPU
		{3C9680BF-C7CD-4839-9487-79850CCE180C}.Debug|x64.Build.0 = Debug|Any CPU
		{3C9680BF-C7CD-4839-9487-79850CCE180C}.Debug|x86.ActiveCfg = Debug|Any CPU
		{3C9680BF-C7CD-4839-9487-79850CCE180C}.Debug|x86.Build.0 = Debug|Any CPU
		{3C9680BF-C7CD-4839-9487-79850CCE180C}.Release|Any CPU.ActiveCfg = Release|Any CPU
		{3C9680BF-C7CD-4839-9487-79850CCE180C}.Release|Any CPU.Build.0 = Release|Any CPU
		{3C9680BF-C7CD-4839-9487-79850CCE180C}.Release|ARM.ActiveCfg = Release|Any CPU
		{3C9680BF-C7CD-4839-9487-79850CCE180C}.Release|ARM.Build.0 = Release|Any CPU
		{3C9680BF-C7CD-4839-9487-79850CCE180C}.Release|ARM64.ActiveCfg = Release|Any CPU
		{3C9680BF-C7CD-4839-9487-79850CCE180C}.Release|ARM64.Build.0 = Release|Any CPU
		{3C9680BF-C7CD-4839-9487-79850CCE180C}.Release|x64.ActiveCfg = Release|Any CPU
		{3C9680BF-C7CD-4839-9487-79850CCE180C}.Release|x64.Build.0 = Release|Any CPU
		{3C9680BF-C7CD-4839-9487-79850CCE180C}.Release|x86.ActiveCfg = Release|Any CPU
		{3C9680BF-C7CD-4839-9487-79850CCE180C}.Release|x86.Build.0 = Release|Any CPU
		{FCDB6358-94B5-48FE-A3BC-696280F1E896}.Debug|Any CPU.ActiveCfg = Debug|Any CPU
		{FCDB6358-94B5-48FE-A3BC-696280F1E896}.Debug|Any CPU.Build.0 = Debug|Any CPU
		{FCDB6358-94B5-48FE-A3BC-696280F1E896}.Debug|ARM.ActiveCfg = Debug|Any CPU
		{FCDB6358-94B5-48FE-A3BC-696280F1E896}.Debug|ARM.Build.0 = Debug|Any CPU
		{FCDB6358-94B5-48FE-A3BC-696280F1E896}.Debug|ARM64.ActiveCfg = Debug|Any CPU
		{FCDB6358-94B5-48FE-A3BC-696280F1E896}.Debug|ARM64.Build.0 = Debug|Any CPU
		{FCDB6358-94B5-48FE-A3BC-696280F1E896}.Debug|x64.ActiveCfg = Debug|Any CPU
		{FCDB6358-94B5-48FE-A3BC-696280F1E896}.Debug|x64.Build.0 = Debug|Any CPU
		{FCDB6358-94B5-48FE-A3BC-696280F1E896}.Debug|x86.ActiveCfg = Debug|Any CPU
		{FCDB6358-94B5-48FE-A3BC-696280F1E896}.Debug|x86.Build.0 = Debug|Any CPU
		{FCDB6358-94B5-48FE-A3BC-696280F1E896}.Release|Any CPU.ActiveCfg = Release|Any CPU
		{FCDB6358-94B5-48FE-A3BC-696280F1E896}.Release|Any CPU.Build.0 = Release|Any CPU
		{FCDB6358-94B5-48FE-A3BC-696280F1E896}.Release|ARM.ActiveCfg = Release|Any CPU
		{FCDB6358-94B5-48FE-A3BC-696280F1E896}.Release|ARM.Build.0 = Release|Any CPU
		{FCDB6358-94B5-48FE-A3BC-696280F1E896}.Release|ARM64.ActiveCfg = Release|Any CPU
		{FCDB6358-94B5-48FE-A3BC-696280F1E896}.Release|ARM64.Build.0 = Release|Any CPU
		{FCDB6358-94B5-48FE-A3BC-696280F1E896}.Release|x64.ActiveCfg = Release|Any CPU
		{FCDB6358-94B5-48FE-A3BC-696280F1E896}.Release|x64.Build.0 = Release|Any CPU
		{FCDB6358-94B5-48FE-A3BC-696280F1E896}.Release|x86.ActiveCfg = Release|Any CPU
		{FCDB6358-94B5-48FE-A3BC-696280F1E896}.Release|x86.Build.0 = Release|Any CPU
		{65D5D300-44FE-446A-8F6D-6CF68B69023A}.Debug|Any CPU.ActiveCfg = Debug|Any CPU
		{65D5D300-44FE-446A-8F6D-6CF68B69023A}.Debug|Any CPU.Build.0 = Debug|Any CPU
		{65D5D300-44FE-446A-8F6D-6CF68B69023A}.Debug|ARM.ActiveCfg = Debug|Any CPU
		{65D5D300-44FE-446A-8F6D-6CF68B69023A}.Debug|ARM.Build.0 = Debug|Any CPU
		{65D5D300-44FE-446A-8F6D-6CF68B69023A}.Debug|ARM64.ActiveCfg = Debug|Any CPU
		{65D5D300-44FE-446A-8F6D-6CF68B69023A}.Debug|ARM64.Build.0 = Debug|Any CPU
		{65D5D300-44FE-446A-8F6D-6CF68B69023A}.Debug|x64.ActiveCfg = Debug|Any CPU
		{65D5D300-44FE-446A-8F6D-6CF68B69023A}.Debug|x64.Build.0 = Debug|Any CPU
		{65D5D300-44FE-446A-8F6D-6CF68B69023A}.Debug|x86.ActiveCfg = Debug|Any CPU
		{65D5D300-44FE-446A-8F6D-6CF68B69023A}.Debug|x86.Build.0 = Debug|Any CPU
		{65D5D300-44FE-446A-8F6D-6CF68B69023A}.Release|Any CPU.ActiveCfg = Release|Any CPU
		{65D5D300-44FE-446A-8F6D-6CF68B69023A}.Release|Any CPU.Build.0 = Release|Any CPU
		{65D5D300-44FE-446A-8F6D-6CF68B69023A}.Release|ARM.ActiveCfg = Release|Any CPU
		{65D5D300-44FE-446A-8F6D-6CF68B69023A}.Release|ARM.Build.0 = Release|Any CPU
		{65D5D300-44FE-446A-8F6D-6CF68B69023A}.Release|ARM64.ActiveCfg = Release|Any CPU
		{65D5D300-44FE-446A-8F6D-6CF68B69023A}.Release|ARM64.Build.0 = Release|Any CPU
		{65D5D300-44FE-446A-8F6D-6CF68B69023A}.Release|x64.ActiveCfg = Release|Any CPU
		{65D5D300-44FE-446A-8F6D-6CF68B69023A}.Release|x64.Build.0 = Release|Any CPU
		{65D5D300-44FE-446A-8F6D-6CF68B69023A}.Release|x86.ActiveCfg = Release|Any CPU
		{65D5D300-44FE-446A-8F6D-6CF68B69023A}.Release|x86.Build.0 = Release|Any CPU
		{7D4AFE36-1589-4AAB-9D15-85DEBE74DDF6}.Debug|Any CPU.ActiveCfg = Debug|Any CPU
		{7D4AFE36-1589-4AAB-9D15-85DEBE74DDF6}.Debug|Any CPU.Build.0 = Debug|Any CPU
		{7D4AFE36-1589-4AAB-9D15-85DEBE74DDF6}.Debug|ARM.ActiveCfg = Debug|Any CPU
		{7D4AFE36-1589-4AAB-9D15-85DEBE74DDF6}.Debug|ARM.Build.0 = Debug|Any CPU
		{7D4AFE36-1589-4AAB-9D15-85DEBE74DDF6}.Debug|ARM64.ActiveCfg = Debug|Any CPU
		{7D4AFE36-1589-4AAB-9D15-85DEBE74DDF6}.Debug|ARM64.Build.0 = Debug|Any CPU
		{7D4AFE36-1589-4AAB-9D15-85DEBE74DDF6}.Debug|x64.ActiveCfg = Debug|Any CPU
		{7D4AFE36-1589-4AAB-9D15-85DEBE74DDF6}.Debug|x64.Build.0 = Debug|Any CPU
		{7D4AFE36-1589-4AAB-9D15-85DEBE74DDF6}.Debug|x86.ActiveCfg = Debug|Any CPU
		{7D4AFE36-1589-4AAB-9D15-85DEBE74DDF6}.Debug|x86.Build.0 = Debug|Any CPU
		{7D4AFE36-1589-4AAB-9D15-85DEBE74DDF6}.Release|Any CPU.ActiveCfg = Release|Any CPU
		{7D4AFE36-1589-4AAB-9D15-85DEBE74DDF6}.Release|Any CPU.Build.0 = Release|Any CPU
		{7D4AFE36-1589-4AAB-9D15-85DEBE74DDF6}.Release|ARM.ActiveCfg = Release|Any CPU
		{7D4AFE36-1589-4AAB-9D15-85DEBE74DDF6}.Release|ARM.Build.0 = Release|Any CPU
		{7D4AFE36-1589-4AAB-9D15-85DEBE74DDF6}.Release|ARM64.ActiveCfg = Release|Any CPU
		{7D4AFE36-1589-4AAB-9D15-85DEBE74DDF6}.Release|ARM64.Build.0 = Release|Any CPU
		{7D4AFE36-1589-4AAB-9D15-85DEBE74DDF6}.Release|x64.ActiveCfg = Release|Any CPU
		{7D4AFE36-1589-4AAB-9D15-85DEBE74DDF6}.Release|x64.Build.0 = Release|Any CPU
		{7D4AFE36-1589-4AAB-9D15-85DEBE74DDF6}.Release|x86.ActiveCfg = Release|Any CPU
		{7D4AFE36-1589-4AAB-9D15-85DEBE74DDF6}.Release|x86.Build.0 = Release|Any CPU
		{3828A883-B771-4E6B-B004-E521B6D7AD52}.Debug|Any CPU.ActiveCfg = Debug|Any CPU
		{3828A883-B771-4E6B-B004-E521B6D7AD52}.Debug|Any CPU.Build.0 = Debug|Any CPU
		{3828A883-B771-4E6B-B004-E521B6D7AD52}.Debug|ARM.ActiveCfg = Debug|Any CPU
		{3828A883-B771-4E6B-B004-E521B6D7AD52}.Debug|ARM.Build.0 = Debug|Any CPU
		{3828A883-B771-4E6B-B004-E521B6D7AD52}.Debug|ARM64.ActiveCfg = Debug|Any CPU
		{3828A883-B771-4E6B-B004-E521B6D7AD52}.Debug|ARM64.Build.0 = Debug|Any CPU
		{3828A883-B771-4E6B-B004-E521B6D7AD52}.Debug|x64.ActiveCfg = Debug|Any CPU
		{3828A883-B771-4E6B-B004-E521B6D7AD52}.Debug|x64.Build.0 = Debug|Any CPU
		{3828A883-B771-4E6B-B004-E521B6D7AD52}.Debug|x86.ActiveCfg = Debug|Any CPU
		{3828A883-B771-4E6B-B004-E521B6D7AD52}.Debug|x86.Build.0 = Debug|Any CPU
		{3828A883-B771-4E6B-B004-E521B6D7AD52}.Release|Any CPU.ActiveCfg = Release|Any CPU
		{3828A883-B771-4E6B-B004-E521B6D7AD52}.Release|Any CPU.Build.0 = Release|Any CPU
		{3828A883-B771-4E6B-B004-E521B6D7AD52}.Release|ARM.ActiveCfg = Release|Any CPU
		{3828A883-B771-4E6B-B004-E521B6D7AD52}.Release|ARM.Build.0 = Release|Any CPU
		{3828A883-B771-4E6B-B004-E521B6D7AD52}.Release|ARM64.ActiveCfg = Release|Any CPU
		{3828A883-B771-4E6B-B004-E521B6D7AD52}.Release|ARM64.Build.0 = Release|Any CPU
		{3828A883-B771-4E6B-B004-E521B6D7AD52}.Release|x64.ActiveCfg = Release|Any CPU
		{3828A883-B771-4E6B-B004-E521B6D7AD52}.Release|x64.Build.0 = Release|Any CPU
		{3828A883-B771-4E6B-B004-E521B6D7AD52}.Release|x86.ActiveCfg = Release|Any CPU
		{3828A883-B771-4E6B-B004-E521B6D7AD52}.Release|x86.Build.0 = Release|Any CPU
		{28A29566-6128-4FCA-92D7-8B5E01CB5960}.Debug|Any CPU.ActiveCfg = Debug|Any CPU
		{28A29566-6128-4FCA-92D7-8B5E01CB5960}.Debug|Any CPU.Build.0 = Debug|Any CPU
		{28A29566-6128-4FCA-92D7-8B5E01CB5960}.Debug|ARM.ActiveCfg = Debug|Any CPU
		{28A29566-6128-4FCA-92D7-8B5E01CB5960}.Debug|ARM.Build.0 = Debug|Any CPU
		{28A29566-6128-4FCA-92D7-8B5E01CB5960}.Debug|ARM64.ActiveCfg = Debug|Any CPU
		{28A29566-6128-4FCA-92D7-8B5E01CB5960}.Debug|ARM64.Build.0 = Debug|Any CPU
		{28A29566-6128-4FCA-92D7-8B5E01CB5960}.Debug|x64.ActiveCfg = Debug|Any CPU
		{28A29566-6128-4FCA-92D7-8B5E01CB5960}.Debug|x64.Build.0 = Debug|Any CPU
		{28A29566-6128-4FCA-92D7-8B5E01CB5960}.Debug|x86.ActiveCfg = Debug|Any CPU
		{28A29566-6128-4FCA-92D7-8B5E01CB5960}.Debug|x86.Build.0 = Debug|Any CPU
		{28A29566-6128-4FCA-92D7-8B5E01CB5960}.Release|Any CPU.ActiveCfg = Release|Any CPU
		{28A29566-6128-4FCA-92D7-8B5E01CB5960}.Release|Any CPU.Build.0 = Release|Any CPU
		{28A29566-6128-4FCA-92D7-8B5E01CB5960}.Release|ARM.ActiveCfg = Release|Any CPU
		{28A29566-6128-4FCA-92D7-8B5E01CB5960}.Release|ARM.Build.0 = Release|Any CPU
		{28A29566-6128-4FCA-92D7-8B5E01CB5960}.Release|ARM64.ActiveCfg = Release|Any CPU
		{28A29566-6128-4FCA-92D7-8B5E01CB5960}.Release|ARM64.Build.0 = Release|Any CPU
		{28A29566-6128-4FCA-92D7-8B5E01CB5960}.Release|x64.ActiveCfg = Release|Any CPU
		{28A29566-6128-4FCA-92D7-8B5E01CB5960}.Release|x64.Build.0 = Release|Any CPU
		{28A29566-6128-4FCA-92D7-8B5E01CB5960}.Release|x86.ActiveCfg = Release|Any CPU
		{28A29566-6128-4FCA-92D7-8B5E01CB5960}.Release|x86.Build.0 = Release|Any CPU
		{CA80195C-80FD-4698-82CF-6260175D928C}.Debug|Any CPU.ActiveCfg = Debug|Any CPU
		{CA80195C-80FD-4698-82CF-6260175D928C}.Debug|Any CPU.Build.0 = Debug|Any CPU
		{CA80195C-80FD-4698-82CF-6260175D928C}.Debug|ARM.ActiveCfg = Debug|Any CPU
		{CA80195C-80FD-4698-82CF-6260175D928C}.Debug|ARM.Build.0 = Debug|Any CPU
		{CA80195C-80FD-4698-82CF-6260175D928C}.Debug|ARM64.ActiveCfg = Debug|Any CPU
		{CA80195C-80FD-4698-82CF-6260175D928C}.Debug|ARM64.Build.0 = Debug|Any CPU
		{CA80195C-80FD-4698-82CF-6260175D928C}.Debug|x64.ActiveCfg = Debug|Any CPU
		{CA80195C-80FD-4698-82CF-6260175D928C}.Debug|x64.Build.0 = Debug|Any CPU
		{CA80195C-80FD-4698-82CF-6260175D928C}.Debug|x86.ActiveCfg = Debug|Any CPU
		{CA80195C-80FD-4698-82CF-6260175D928C}.Debug|x86.Build.0 = Debug|Any CPU
		{CA80195C-80FD-4698-82CF-6260175D928C}.Release|Any CPU.ActiveCfg = Release|Any CPU
		{CA80195C-80FD-4698-82CF-6260175D928C}.Release|Any CPU.Build.0 = Release|Any CPU
		{CA80195C-80FD-4698-82CF-6260175D928C}.Release|ARM.ActiveCfg = Release|Any CPU
		{CA80195C-80FD-4698-82CF-6260175D928C}.Release|ARM.Build.0 = Release|Any CPU
		{CA80195C-80FD-4698-82CF-6260175D928C}.Release|ARM64.ActiveCfg = Release|Any CPU
		{CA80195C-80FD-4698-82CF-6260175D928C}.Release|ARM64.Build.0 = Release|Any CPU
		{CA80195C-80FD-4698-82CF-6260175D928C}.Release|x64.ActiveCfg = Release|Any CPU
		{CA80195C-80FD-4698-82CF-6260175D928C}.Release|x64.Build.0 = Release|Any CPU
		{CA80195C-80FD-4698-82CF-6260175D928C}.Release|x86.ActiveCfg = Release|Any CPU
		{CA80195C-80FD-4698-82CF-6260175D928C}.Release|x86.Build.0 = Release|Any CPU
		{6E5DB5ED-80F1-4DC7-BEED-B3DDB6149F51}.Debug|Any CPU.ActiveCfg = Debug|Any CPU
		{6E5DB5ED-80F1-4DC7-BEED-B3DDB6149F51}.Debug|Any CPU.Build.0 = Debug|Any CPU
		{6E5DB5ED-80F1-4DC7-BEED-B3DDB6149F51}.Debug|ARM.ActiveCfg = Debug|Any CPU
		{6E5DB5ED-80F1-4DC7-BEED-B3DDB6149F51}.Debug|ARM.Build.0 = Debug|Any CPU
		{6E5DB5ED-80F1-4DC7-BEED-B3DDB6149F51}.Debug|ARM64.ActiveCfg = Debug|Any CPU
		{6E5DB5ED-80F1-4DC7-BEED-B3DDB6149F51}.Debug|ARM64.Build.0 = Debug|Any CPU
		{6E5DB5ED-80F1-4DC7-BEED-B3DDB6149F51}.Debug|x64.ActiveCfg = Debug|Any CPU
		{6E5DB5ED-80F1-4DC7-BEED-B3DDB6149F51}.Debug|x64.Build.0 = Debug|Any CPU
		{6E5DB5ED-80F1-4DC7-BEED-B3DDB6149F51}.Debug|x86.ActiveCfg = Debug|Any CPU
		{6E5DB5ED-80F1-4DC7-BEED-B3DDB6149F51}.Debug|x86.Build.0 = Debug|Any CPU
		{6E5DB5ED-80F1-4DC7-BEED-B3DDB6149F51}.Release|Any CPU.ActiveCfg = Release|Any CPU
		{6E5DB5ED-80F1-4DC7-BEED-B3DDB6149F51}.Release|Any CPU.Build.0 = Release|Any CPU
		{6E5DB5ED-80F1-4DC7-BEED-B3DDB6149F51}.Release|ARM.ActiveCfg = Release|Any CPU
		{6E5DB5ED-80F1-4DC7-BEED-B3DDB6149F51}.Release|ARM.Build.0 = Release|Any CPU
		{6E5DB5ED-80F1-4DC7-BEED-B3DDB6149F51}.Release|ARM64.ActiveCfg = Release|Any CPU
		{6E5DB5ED-80F1-4DC7-BEED-B3DDB6149F51}.Release|ARM64.Build.0 = Release|Any CPU
		{6E5DB5ED-80F1-4DC7-BEED-B3DDB6149F51}.Release|x64.ActiveCfg = Release|Any CPU
		{6E5DB5ED-80F1-4DC7-BEED-B3DDB6149F51}.Release|x64.Build.0 = Release|Any CPU
		{6E5DB5ED-80F1-4DC7-BEED-B3DDB6149F51}.Release|x86.ActiveCfg = Release|Any CPU
		{6E5DB5ED-80F1-4DC7-BEED-B3DDB6149F51}.Release|x86.Build.0 = Release|Any CPU
		{A5B0727D-FA08-4BFD-A04B-5E54183AD55C}.Debug|Any CPU.ActiveCfg = Debug|Any CPU
		{A5B0727D-FA08-4BFD-A04B-5E54183AD55C}.Debug|Any CPU.Build.0 = Debug|Any CPU
		{A5B0727D-FA08-4BFD-A04B-5E54183AD55C}.Debug|ARM.ActiveCfg = Debug|Any CPU
		{A5B0727D-FA08-4BFD-A04B-5E54183AD55C}.Debug|ARM.Build.0 = Debug|Any CPU
		{A5B0727D-FA08-4BFD-A04B-5E54183AD55C}.Debug|ARM64.ActiveCfg = Debug|Any CPU
		{A5B0727D-FA08-4BFD-A04B-5E54183AD55C}.Debug|ARM64.Build.0 = Debug|Any CPU
		{A5B0727D-FA08-4BFD-A04B-5E54183AD55C}.Debug|x64.ActiveCfg = Debug|Any CPU
		{A5B0727D-FA08-4BFD-A04B-5E54183AD55C}.Debug|x64.Build.0 = Debug|Any CPU
		{A5B0727D-FA08-4BFD-A04B-5E54183AD55C}.Debug|x86.ActiveCfg = Debug|Any CPU
		{A5B0727D-FA08-4BFD-A04B-5E54183AD55C}.Debug|x86.Build.0 = Debug|Any CPU
		{A5B0727D-FA08-4BFD-A04B-5E54183AD55C}.Release|Any CPU.ActiveCfg = Release|Any CPU
		{A5B0727D-FA08-4BFD-A04B-5E54183AD55C}.Release|Any CPU.Build.0 = Release|Any CPU
		{A5B0727D-FA08-4BFD-A04B-5E54183AD55C}.Release|ARM.ActiveCfg = Release|Any CPU
		{A5B0727D-FA08-4BFD-A04B-5E54183AD55C}.Release|ARM.Build.0 = Release|Any CPU
		{A5B0727D-FA08-4BFD-A04B-5E54183AD55C}.Release|ARM64.ActiveCfg = Release|Any CPU
		{A5B0727D-FA08-4BFD-A04B-5E54183AD55C}.Release|ARM64.Build.0 = Release|Any CPU
		{A5B0727D-FA08-4BFD-A04B-5E54183AD55C}.Release|x64.ActiveCfg = Release|Any CPU
		{A5B0727D-FA08-4BFD-A04B-5E54183AD55C}.Release|x64.Build.0 = Release|Any CPU
		{A5B0727D-FA08-4BFD-A04B-5E54183AD55C}.Release|x86.ActiveCfg = Release|Any CPU
		{A5B0727D-FA08-4BFD-A04B-5E54183AD55C}.Release|x86.Build.0 = Release|Any CPU
		{A89FC9B1-9C6C-4F43-8E70-1669955F8435}.Debug|Any CPU.ActiveCfg = Debug|Any CPU
		{A89FC9B1-9C6C-4F43-8E70-1669955F8435}.Debug|Any CPU.Build.0 = Debug|Any CPU
		{A89FC9B1-9C6C-4F43-8E70-1669955F8435}.Debug|ARM.ActiveCfg = Debug|Any CPU
		{A89FC9B1-9C6C-4F43-8E70-1669955F8435}.Debug|ARM.Build.0 = Debug|Any CPU
		{A89FC9B1-9C6C-4F43-8E70-1669955F8435}.Debug|ARM64.ActiveCfg = Debug|Any CPU
		{A89FC9B1-9C6C-4F43-8E70-1669955F8435}.Debug|ARM64.Build.0 = Debug|Any CPU
		{A89FC9B1-9C6C-4F43-8E70-1669955F8435}.Debug|x64.ActiveCfg = Debug|Any CPU
		{A89FC9B1-9C6C-4F43-8E70-1669955F8435}.Debug|x64.Build.0 = Debug|Any CPU
		{A89FC9B1-9C6C-4F43-8E70-1669955F8435}.Debug|x86.ActiveCfg = Debug|Any CPU
		{A89FC9B1-9C6C-4F43-8E70-1669955F8435}.Debug|x86.Build.0 = Debug|Any CPU
		{A89FC9B1-9C6C-4F43-8E70-1669955F8435}.Release|Any CPU.ActiveCfg = Release|Any CPU
		{A89FC9B1-9C6C-4F43-8E70-1669955F8435}.Release|Any CPU.Build.0 = Release|Any CPU
		{A89FC9B1-9C6C-4F43-8E70-1669955F8435}.Release|ARM.ActiveCfg = Release|Any CPU
		{A89FC9B1-9C6C-4F43-8E70-1669955F8435}.Release|ARM.Build.0 = Release|Any CPU
		{A89FC9B1-9C6C-4F43-8E70-1669955F8435}.Release|ARM64.ActiveCfg = Release|Any CPU
		{A89FC9B1-9C6C-4F43-8E70-1669955F8435}.Release|ARM64.Build.0 = Release|Any CPU
		{A89FC9B1-9C6C-4F43-8E70-1669955F8435}.Release|x64.ActiveCfg = Release|Any CPU
		{A89FC9B1-9C6C-4F43-8E70-1669955F8435}.Release|x64.Build.0 = Release|Any CPU
		{A89FC9B1-9C6C-4F43-8E70-1669955F8435}.Release|x86.ActiveCfg = Release|Any CPU
		{A89FC9B1-9C6C-4F43-8E70-1669955F8435}.Release|x86.Build.0 = Release|Any CPU
		{B7A9DB2D-EEE5-44B5-9F09-2B044C48E25D}.Debug|Any CPU.ActiveCfg = Debug|Any CPU
		{B7A9DB2D-EEE5-44B5-9F09-2B044C48E25D}.Debug|Any CPU.Build.0 = Debug|Any CPU
		{B7A9DB2D-EEE5-44B5-9F09-2B044C48E25D}.Debug|ARM.ActiveCfg = Debug|Any CPU
		{B7A9DB2D-EEE5-44B5-9F09-2B044C48E25D}.Debug|ARM.Build.0 = Debug|Any CPU
		{B7A9DB2D-EEE5-44B5-9F09-2B044C48E25D}.Debug|ARM64.ActiveCfg = Debug|Any CPU
		{B7A9DB2D-EEE5-44B5-9F09-2B044C48E25D}.Debug|ARM64.Build.0 = Debug|Any CPU
		{B7A9DB2D-EEE5-44B5-9F09-2B044C48E25D}.Debug|x64.ActiveCfg = Debug|Any CPU
		{B7A9DB2D-EEE5-44B5-9F09-2B044C48E25D}.Debug|x64.Build.0 = Debug|Any CPU
		{B7A9DB2D-EEE5-44B5-9F09-2B044C48E25D}.Debug|x86.ActiveCfg = Debug|Any CPU
		{B7A9DB2D-EEE5-44B5-9F09-2B044C48E25D}.Debug|x86.Build.0 = Debug|Any CPU
		{B7A9DB2D-EEE5-44B5-9F09-2B044C48E25D}.Release|Any CPU.ActiveCfg = Release|Any CPU
		{B7A9DB2D-EEE5-44B5-9F09-2B044C48E25D}.Release|Any CPU.Build.0 = Release|Any CPU
		{B7A9DB2D-EEE5-44B5-9F09-2B044C48E25D}.Release|ARM.ActiveCfg = Release|Any CPU
		{B7A9DB2D-EEE5-44B5-9F09-2B044C48E25D}.Release|ARM.Build.0 = Release|Any CPU
		{B7A9DB2D-EEE5-44B5-9F09-2B044C48E25D}.Release|ARM64.ActiveCfg = Release|Any CPU
		{B7A9DB2D-EEE5-44B5-9F09-2B044C48E25D}.Release|ARM64.Build.0 = Release|Any CPU
		{B7A9DB2D-EEE5-44B5-9F09-2B044C48E25D}.Release|x64.ActiveCfg = Release|Any CPU
		{B7A9DB2D-EEE5-44B5-9F09-2B044C48E25D}.Release|x64.Build.0 = Release|Any CPU
		{B7A9DB2D-EEE5-44B5-9F09-2B044C48E25D}.Release|x86.ActiveCfg = Release|Any CPU
		{B7A9DB2D-EEE5-44B5-9F09-2B044C48E25D}.Release|x86.Build.0 = Release|Any CPU
		{035D0B2D-A55D-42ED-A654-44661E48A2F7}.Debug|Any CPU.ActiveCfg = Debug|x86
		{035D0B2D-A55D-42ED-A654-44661E48A2F7}.Debug|ARM.ActiveCfg = Debug|ARM
		{035D0B2D-A55D-42ED-A654-44661E48A2F7}.Debug|ARM.Build.0 = Debug|ARM
		{035D0B2D-A55D-42ED-A654-44661E48A2F7}.Debug|ARM64.ActiveCfg = Debug|ARM64
		{035D0B2D-A55D-42ED-A654-44661E48A2F7}.Debug|ARM64.Build.0 = Debug|ARM64
		{035D0B2D-A55D-42ED-A654-44661E48A2F7}.Debug|x64.ActiveCfg = Debug|x64
		{035D0B2D-A55D-42ED-A654-44661E48A2F7}.Debug|x64.Build.0 = Debug|x64
		{035D0B2D-A55D-42ED-A654-44661E48A2F7}.Debug|x86.ActiveCfg = Debug|x86
		{035D0B2D-A55D-42ED-A654-44661E48A2F7}.Debug|x86.Build.0 = Debug|x86
		{035D0B2D-A55D-42ED-A654-44661E48A2F7}.Release|Any CPU.ActiveCfg = Release|x86
		{035D0B2D-A55D-42ED-A654-44661E48A2F7}.Release|ARM.ActiveCfg = Release|ARM
		{035D0B2D-A55D-42ED-A654-44661E48A2F7}.Release|ARM.Build.0 = Release|ARM
		{035D0B2D-A55D-42ED-A654-44661E48A2F7}.Release|ARM64.ActiveCfg = Release|ARM64
		{035D0B2D-A55D-42ED-A654-44661E48A2F7}.Release|ARM64.Build.0 = Release|ARM64
		{035D0B2D-A55D-42ED-A654-44661E48A2F7}.Release|x64.ActiveCfg = Release|x64
		{035D0B2D-A55D-42ED-A654-44661E48A2F7}.Release|x64.Build.0 = Release|x64
		{035D0B2D-A55D-42ED-A654-44661E48A2F7}.Release|x86.ActiveCfg = Release|x86
		{035D0B2D-A55D-42ED-A654-44661E48A2F7}.Release|x86.Build.0 = Release|x86
		{10C32A17-857E-4FF9-94D6-755DEB531AF1}.Debug|Any CPU.ActiveCfg = Debug|Any CPU
		{10C32A17-857E-4FF9-94D6-755DEB531AF1}.Debug|Any CPU.Build.0 = Debug|Any CPU
		{10C32A17-857E-4FF9-94D6-755DEB531AF1}.Debug|ARM.ActiveCfg = Debug|Any CPU
		{10C32A17-857E-4FF9-94D6-755DEB531AF1}.Debug|ARM.Build.0 = Debug|Any CPU
		{10C32A17-857E-4FF9-94D6-755DEB531AF1}.Debug|ARM64.ActiveCfg = Debug|Any CPU
		{10C32A17-857E-4FF9-94D6-755DEB531AF1}.Debug|ARM64.Build.0 = Debug|Any CPU
		{10C32A17-857E-4FF9-94D6-755DEB531AF1}.Debug|x64.ActiveCfg = Debug|Any CPU
		{10C32A17-857E-4FF9-94D6-755DEB531AF1}.Debug|x64.Build.0 = Debug|Any CPU
		{10C32A17-857E-4FF9-94D6-755DEB531AF1}.Debug|x86.ActiveCfg = Debug|Any CPU
		{10C32A17-857E-4FF9-94D6-755DEB531AF1}.Debug|x86.Build.0 = Debug|Any CPU
		{10C32A17-857E-4FF9-94D6-755DEB531AF1}.Release|Any CPU.ActiveCfg = Release|Any CPU
		{10C32A17-857E-4FF9-94D6-755DEB531AF1}.Release|Any CPU.Build.0 = Release|Any CPU
		{10C32A17-857E-4FF9-94D6-755DEB531AF1}.Release|ARM.ActiveCfg = Release|Any CPU
		{10C32A17-857E-4FF9-94D6-755DEB531AF1}.Release|ARM.Build.0 = Release|Any CPU
		{10C32A17-857E-4FF9-94D6-755DEB531AF1}.Release|ARM64.ActiveCfg = Release|Any CPU
		{10C32A17-857E-4FF9-94D6-755DEB531AF1}.Release|ARM64.Build.0 = Release|Any CPU
		{10C32A17-857E-4FF9-94D6-755DEB531AF1}.Release|x64.ActiveCfg = Release|Any CPU
		{10C32A17-857E-4FF9-94D6-755DEB531AF1}.Release|x64.Build.0 = Release|Any CPU
		{10C32A17-857E-4FF9-94D6-755DEB531AF1}.Release|x86.ActiveCfg = Release|Any CPU
		{10C32A17-857E-4FF9-94D6-755DEB531AF1}.Release|x86.Build.0 = Release|Any CPU
		{8113C8D2-D1FC-48AD-81D3-905E11506F09}.Debug|Any CPU.ActiveCfg = Debug|Any CPU
		{8113C8D2-D1FC-48AD-81D3-905E11506F09}.Debug|Any CPU.Build.0 = Debug|Any CPU
		{8113C8D2-D1FC-48AD-81D3-905E11506F09}.Debug|ARM.ActiveCfg = Debug|Any CPU
		{8113C8D2-D1FC-48AD-81D3-905E11506F09}.Debug|ARM.Build.0 = Debug|Any CPU
		{8113C8D2-D1FC-48AD-81D3-905E11506F09}.Debug|ARM64.ActiveCfg = Debug|Any CPU
		{8113C8D2-D1FC-48AD-81D3-905E11506F09}.Debug|ARM64.Build.0 = Debug|Any CPU
		{8113C8D2-D1FC-48AD-81D3-905E11506F09}.Debug|x64.ActiveCfg = Debug|Any CPU
		{8113C8D2-D1FC-48AD-81D3-905E11506F09}.Debug|x64.Build.0 = Debug|Any CPU
		{8113C8D2-D1FC-48AD-81D3-905E11506F09}.Debug|x86.ActiveCfg = Debug|Any CPU
		{8113C8D2-D1FC-48AD-81D3-905E11506F09}.Debug|x86.Build.0 = Debug|Any CPU
		{8113C8D2-D1FC-48AD-81D3-905E11506F09}.Release|Any CPU.ActiveCfg = Release|Any CPU
		{8113C8D2-D1FC-48AD-81D3-905E11506F09}.Release|Any CPU.Build.0 = Release|Any CPU
		{8113C8D2-D1FC-48AD-81D3-905E11506F09}.Release|ARM.ActiveCfg = Release|Any CPU
		{8113C8D2-D1FC-48AD-81D3-905E11506F09}.Release|ARM.Build.0 = Release|Any CPU
		{8113C8D2-D1FC-48AD-81D3-905E11506F09}.Release|ARM64.ActiveCfg = Release|Any CPU
		{8113C8D2-D1FC-48AD-81D3-905E11506F09}.Release|ARM64.Build.0 = Release|Any CPU
		{8113C8D2-D1FC-48AD-81D3-905E11506F09}.Release|x64.ActiveCfg = Release|Any CPU
		{8113C8D2-D1FC-48AD-81D3-905E11506F09}.Release|x64.Build.0 = Release|Any CPU
		{8113C8D2-D1FC-48AD-81D3-905E11506F09}.Release|x86.ActiveCfg = Release|Any CPU
		{8113C8D2-D1FC-48AD-81D3-905E11506F09}.Release|x86.Build.0 = Release|Any CPU
		{39D5EB9A-C11D-4C8B-B949-A0426E2CAF86}.Debug|Any CPU.ActiveCfg = Debug|Any CPU
		{39D5EB9A-C11D-4C8B-B949-A0426E2CAF86}.Debug|Any CPU.Build.0 = Debug|Any CPU
		{39D5EB9A-C11D-4C8B-B949-A0426E2CAF86}.Debug|ARM.ActiveCfg = Debug|Any CPU
		{39D5EB9A-C11D-4C8B-B949-A0426E2CAF86}.Debug|ARM.Build.0 = Debug|Any CPU
		{39D5EB9A-C11D-4C8B-B949-A0426E2CAF86}.Debug|ARM64.ActiveCfg = Debug|Any CPU
		{39D5EB9A-C11D-4C8B-B949-A0426E2CAF86}.Debug|ARM64.Build.0 = Debug|Any CPU
		{39D5EB9A-C11D-4C8B-B949-A0426E2CAF86}.Debug|x64.ActiveCfg = Debug|Any CPU
		{39D5EB9A-C11D-4C8B-B949-A0426E2CAF86}.Debug|x64.Build.0 = Debug|Any CPU
		{39D5EB9A-C11D-4C8B-B949-A0426E2CAF86}.Debug|x86.ActiveCfg = Debug|Any CPU
		{39D5EB9A-C11D-4C8B-B949-A0426E2CAF86}.Debug|x86.Build.0 = Debug|Any CPU
		{39D5EB9A-C11D-4C8B-B949-A0426E2CAF86}.Release|Any CPU.ActiveCfg = Release|Any CPU
		{39D5EB9A-C11D-4C8B-B949-A0426E2CAF86}.Release|Any CPU.Build.0 = Release|Any CPU
		{39D5EB9A-C11D-4C8B-B949-A0426E2CAF86}.Release|ARM.ActiveCfg = Release|Any CPU
		{39D5EB9A-C11D-4C8B-B949-A0426E2CAF86}.Release|ARM.Build.0 = Release|Any CPU
		{39D5EB9A-C11D-4C8B-B949-A0426E2CAF86}.Release|ARM64.ActiveCfg = Release|Any CPU
		{39D5EB9A-C11D-4C8B-B949-A0426E2CAF86}.Release|ARM64.Build.0 = Release|Any CPU
		{39D5EB9A-C11D-4C8B-B949-A0426E2CAF86}.Release|x64.ActiveCfg = Release|Any CPU
		{39D5EB9A-C11D-4C8B-B949-A0426E2CAF86}.Release|x64.Build.0 = Release|Any CPU
		{39D5EB9A-C11D-4C8B-B949-A0426E2CAF86}.Release|x86.ActiveCfg = Release|Any CPU
		{39D5EB9A-C11D-4C8B-B949-A0426E2CAF86}.Release|x86.Build.0 = Release|Any CPU
		{D5925745-10EA-4AA5-BB42-7EED3857D102}.Debug|Any CPU.ActiveCfg = Debug|Any CPU
		{D5925745-10EA-4AA5-BB42-7EED3857D102}.Debug|Any CPU.Build.0 = Debug|Any CPU
		{D5925745-10EA-4AA5-BB42-7EED3857D102}.Debug|ARM.ActiveCfg = Debug|Any CPU
		{D5925745-10EA-4AA5-BB42-7EED3857D102}.Debug|ARM.Build.0 = Debug|Any CPU
		{D5925745-10EA-4AA5-BB42-7EED3857D102}.Debug|ARM64.ActiveCfg = Debug|Any CPU
		{D5925745-10EA-4AA5-BB42-7EED3857D102}.Debug|ARM64.Build.0 = Debug|Any CPU
		{D5925745-10EA-4AA5-BB42-7EED3857D102}.Debug|x64.ActiveCfg = Debug|Any CPU
		{D5925745-10EA-4AA5-BB42-7EED3857D102}.Debug|x64.Build.0 = Debug|Any CPU
		{D5925745-10EA-4AA5-BB42-7EED3857D102}.Debug|x86.ActiveCfg = Debug|Any CPU
		{D5925745-10EA-4AA5-BB42-7EED3857D102}.Debug|x86.Build.0 = Debug|Any CPU
		{D5925745-10EA-4AA5-BB42-7EED3857D102}.Release|Any CPU.ActiveCfg = Release|Any CPU
		{D5925745-10EA-4AA5-BB42-7EED3857D102}.Release|Any CPU.Build.0 = Release|Any CPU
		{D5925745-10EA-4AA5-BB42-7EED3857D102}.Release|ARM.ActiveCfg = Release|Any CPU
		{D5925745-10EA-4AA5-BB42-7EED3857D102}.Release|ARM.Build.0 = Release|Any CPU
		{D5925745-10EA-4AA5-BB42-7EED3857D102}.Release|ARM64.ActiveCfg = Release|Any CPU
		{D5925745-10EA-4AA5-BB42-7EED3857D102}.Release|ARM64.Build.0 = Release|Any CPU
		{D5925745-10EA-4AA5-BB42-7EED3857D102}.Release|x64.ActiveCfg = Release|Any CPU
		{D5925745-10EA-4AA5-BB42-7EED3857D102}.Release|x64.Build.0 = Release|Any CPU
		{D5925745-10EA-4AA5-BB42-7EED3857D102}.Release|x86.ActiveCfg = Release|Any CPU
		{D5925745-10EA-4AA5-BB42-7EED3857D102}.Release|x86.Build.0 = Release|Any CPU
		{581E99A0-CDD6-4E74-BA71-8C3C4BA909F5}.Debug|Any CPU.ActiveCfg = Debug|Any CPU
		{581E99A0-CDD6-4E74-BA71-8C3C4BA909F5}.Debug|Any CPU.Build.0 = Debug|Any CPU
		{581E99A0-CDD6-4E74-BA71-8C3C4BA909F5}.Debug|ARM.ActiveCfg = Debug|Any CPU
		{581E99A0-CDD6-4E74-BA71-8C3C4BA909F5}.Debug|ARM.Build.0 = Debug|Any CPU
		{581E99A0-CDD6-4E74-BA71-8C3C4BA909F5}.Debug|ARM64.ActiveCfg = Debug|Any CPU
		{581E99A0-CDD6-4E74-BA71-8C3C4BA909F5}.Debug|ARM64.Build.0 = Debug|Any CPU
		{581E99A0-CDD6-4E74-BA71-8C3C4BA909F5}.Debug|x64.ActiveCfg = Debug|Any CPU
		{581E99A0-CDD6-4E74-BA71-8C3C4BA909F5}.Debug|x64.Build.0 = Debug|Any CPU
		{581E99A0-CDD6-4E74-BA71-8C3C4BA909F5}.Debug|x86.ActiveCfg = Debug|Any CPU
		{581E99A0-CDD6-4E74-BA71-8C3C4BA909F5}.Debug|x86.Build.0 = Debug|Any CPU
		{581E99A0-CDD6-4E74-BA71-8C3C4BA909F5}.Release|Any CPU.ActiveCfg = Release|Any CPU
		{581E99A0-CDD6-4E74-BA71-8C3C4BA909F5}.Release|Any CPU.Build.0 = Release|Any CPU
		{581E99A0-CDD6-4E74-BA71-8C3C4BA909F5}.Release|ARM.ActiveCfg = Release|Any CPU
		{581E99A0-CDD6-4E74-BA71-8C3C4BA909F5}.Release|ARM.Build.0 = Release|Any CPU
		{581E99A0-CDD6-4E74-BA71-8C3C4BA909F5}.Release|ARM64.ActiveCfg = Release|Any CPU
		{581E99A0-CDD6-4E74-BA71-8C3C4BA909F5}.Release|ARM64.Build.0 = Release|Any CPU
		{581E99A0-CDD6-4E74-BA71-8C3C4BA909F5}.Release|x64.ActiveCfg = Release|Any CPU
		{581E99A0-CDD6-4E74-BA71-8C3C4BA909F5}.Release|x64.Build.0 = Release|Any CPU
		{581E99A0-CDD6-4E74-BA71-8C3C4BA909F5}.Release|x86.ActiveCfg = Release|Any CPU
		{581E99A0-CDD6-4E74-BA71-8C3C4BA909F5}.Release|x86.Build.0 = Release|Any CPU
		{4BFFB5F9-7D13-4319-9BD2-88EC532907FF}.Debug|Any CPU.ActiveCfg = Debug|Any CPU
		{4BFFB5F9-7D13-4319-9BD2-88EC532907FF}.Debug|Any CPU.Build.0 = Debug|Any CPU
		{4BFFB5F9-7D13-4319-9BD2-88EC532907FF}.Debug|ARM.ActiveCfg = Debug|Any CPU
		{4BFFB5F9-7D13-4319-9BD2-88EC532907FF}.Debug|ARM.Build.0 = Debug|Any CPU
		{4BFFB5F9-7D13-4319-9BD2-88EC532907FF}.Debug|ARM64.ActiveCfg = Debug|Any CPU
		{4BFFB5F9-7D13-4319-9BD2-88EC532907FF}.Debug|ARM64.Build.0 = Debug|Any CPU
		{4BFFB5F9-7D13-4319-9BD2-88EC532907FF}.Debug|x64.ActiveCfg = Debug|Any CPU
		{4BFFB5F9-7D13-4319-9BD2-88EC532907FF}.Debug|x64.Build.0 = Debug|Any CPU
		{4BFFB5F9-7D13-4319-9BD2-88EC532907FF}.Debug|x86.ActiveCfg = Debug|Any CPU
		{4BFFB5F9-7D13-4319-9BD2-88EC532907FF}.Debug|x86.Build.0 = Debug|Any CPU
		{4BFFB5F9-7D13-4319-9BD2-88EC532907FF}.Release|Any CPU.ActiveCfg = Release|Any CPU
		{4BFFB5F9-7D13-4319-9BD2-88EC532907FF}.Release|Any CPU.Build.0 = Release|Any CPU
		{4BFFB5F9-7D13-4319-9BD2-88EC532907FF}.Release|ARM.ActiveCfg = Release|Any CPU
		{4BFFB5F9-7D13-4319-9BD2-88EC532907FF}.Release|ARM.Build.0 = Release|Any CPU
		{4BFFB5F9-7D13-4319-9BD2-88EC532907FF}.Release|ARM64.ActiveCfg = Release|Any CPU
		{4BFFB5F9-7D13-4319-9BD2-88EC532907FF}.Release|ARM64.Build.0 = Release|Any CPU
		{4BFFB5F9-7D13-4319-9BD2-88EC532907FF}.Release|x64.ActiveCfg = Release|Any CPU
		{4BFFB5F9-7D13-4319-9BD2-88EC532907FF}.Release|x64.Build.0 = Release|Any CPU
		{4BFFB5F9-7D13-4319-9BD2-88EC532907FF}.Release|x86.ActiveCfg = Release|Any CPU
		{4BFFB5F9-7D13-4319-9BD2-88EC532907FF}.Release|x86.Build.0 = Release|Any CPU
		{7E0B9E2B-EEEC-4699-ADBC-2493DA23B9B4}.Debug|Any CPU.ActiveCfg = Debug|Any CPU
		{7E0B9E2B-EEEC-4699-ADBC-2493DA23B9B4}.Debug|Any CPU.Build.0 = Debug|Any CPU
		{7E0B9E2B-EEEC-4699-ADBC-2493DA23B9B4}.Debug|ARM.ActiveCfg = Debug|Any CPU
		{7E0B9E2B-EEEC-4699-ADBC-2493DA23B9B4}.Debug|ARM.Build.0 = Debug|Any CPU
		{7E0B9E2B-EEEC-4699-ADBC-2493DA23B9B4}.Debug|ARM64.ActiveCfg = Debug|Any CPU
		{7E0B9E2B-EEEC-4699-ADBC-2493DA23B9B4}.Debug|ARM64.Build.0 = Debug|Any CPU
		{7E0B9E2B-EEEC-4699-ADBC-2493DA23B9B4}.Debug|x64.ActiveCfg = Debug|Any CPU
		{7E0B9E2B-EEEC-4699-ADBC-2493DA23B9B4}.Debug|x64.Build.0 = Debug|Any CPU
		{7E0B9E2B-EEEC-4699-ADBC-2493DA23B9B4}.Debug|x86.ActiveCfg = Debug|Any CPU
		{7E0B9E2B-EEEC-4699-ADBC-2493DA23B9B4}.Debug|x86.Build.0 = Debug|Any CPU
		{7E0B9E2B-EEEC-4699-ADBC-2493DA23B9B4}.Release|Any CPU.ActiveCfg = Release|Any CPU
		{7E0B9E2B-EEEC-4699-ADBC-2493DA23B9B4}.Release|Any CPU.Build.0 = Release|Any CPU
		{7E0B9E2B-EEEC-4699-ADBC-2493DA23B9B4}.Release|ARM.ActiveCfg = Release|Any CPU
		{7E0B9E2B-EEEC-4699-ADBC-2493DA23B9B4}.Release|ARM.Build.0 = Release|Any CPU
		{7E0B9E2B-EEEC-4699-ADBC-2493DA23B9B4}.Release|ARM64.ActiveCfg = Release|Any CPU
		{7E0B9E2B-EEEC-4699-ADBC-2493DA23B9B4}.Release|ARM64.Build.0 = Release|Any CPU
		{7E0B9E2B-EEEC-4699-ADBC-2493DA23B9B4}.Release|x64.ActiveCfg = Release|Any CPU
		{7E0B9E2B-EEEC-4699-ADBC-2493DA23B9B4}.Release|x64.Build.0 = Release|Any CPU
		{7E0B9E2B-EEEC-4699-ADBC-2493DA23B9B4}.Release|x86.ActiveCfg = Release|Any CPU
		{7E0B9E2B-EEEC-4699-ADBC-2493DA23B9B4}.Release|x86.Build.0 = Release|Any CPU
		{2F85966A-48B1-4AC6-8ABE-D3E82E2BCCBF}.Debug|Any CPU.ActiveCfg = Debug|Any CPU
		{2F85966A-48B1-4AC6-8ABE-D3E82E2BCCBF}.Debug|Any CPU.Build.0 = Debug|Any CPU
		{2F85966A-48B1-4AC6-8ABE-D3E82E2BCCBF}.Debug|ARM.ActiveCfg = Debug|Any CPU
		{2F85966A-48B1-4AC6-8ABE-D3E82E2BCCBF}.Debug|ARM.Build.0 = Debug|Any CPU
		{2F85966A-48B1-4AC6-8ABE-D3E82E2BCCBF}.Debug|ARM64.ActiveCfg = Debug|Any CPU
		{2F85966A-48B1-4AC6-8ABE-D3E82E2BCCBF}.Debug|ARM64.Build.0 = Debug|Any CPU
		{2F85966A-48B1-4AC6-8ABE-D3E82E2BCCBF}.Debug|x64.ActiveCfg = Debug|Any CPU
		{2F85966A-48B1-4AC6-8ABE-D3E82E2BCCBF}.Debug|x64.Build.0 = Debug|Any CPU
		{2F85966A-48B1-4AC6-8ABE-D3E82E2BCCBF}.Debug|x86.ActiveCfg = Debug|Any CPU
		{2F85966A-48B1-4AC6-8ABE-D3E82E2BCCBF}.Debug|x86.Build.0 = Debug|Any CPU
		{2F85966A-48B1-4AC6-8ABE-D3E82E2BCCBF}.Release|Any CPU.ActiveCfg = Release|Any CPU
		{2F85966A-48B1-4AC6-8ABE-D3E82E2BCCBF}.Release|Any CPU.Build.0 = Release|Any CPU
		{2F85966A-48B1-4AC6-8ABE-D3E82E2BCCBF}.Release|ARM.ActiveCfg = Release|Any CPU
		{2F85966A-48B1-4AC6-8ABE-D3E82E2BCCBF}.Release|ARM.Build.0 = Release|Any CPU
		{2F85966A-48B1-4AC6-8ABE-D3E82E2BCCBF}.Release|ARM64.ActiveCfg = Release|Any CPU
		{2F85966A-48B1-4AC6-8ABE-D3E82E2BCCBF}.Release|ARM64.Build.0 = Release|Any CPU
		{2F85966A-48B1-4AC6-8ABE-D3E82E2BCCBF}.Release|x64.ActiveCfg = Release|Any CPU
		{2F85966A-48B1-4AC6-8ABE-D3E82E2BCCBF}.Release|x64.Build.0 = Release|Any CPU
		{2F85966A-48B1-4AC6-8ABE-D3E82E2BCCBF}.Release|x86.ActiveCfg = Release|Any CPU
		{2F85966A-48B1-4AC6-8ABE-D3E82E2BCCBF}.Release|x86.Build.0 = Release|Any CPU
		{FCC46C77-97B6-4488-8738-AF264B996922}.Debug|Any CPU.ActiveCfg = Debug|Any CPU
		{FCC46C77-97B6-4488-8738-AF264B996922}.Debug|Any CPU.Build.0 = Debug|Any CPU
		{FCC46C77-97B6-4488-8738-AF264B996922}.Debug|ARM.ActiveCfg = Debug|Any CPU
		{FCC46C77-97B6-4488-8738-AF264B996922}.Debug|ARM.Build.0 = Debug|Any CPU
		{FCC46C77-97B6-4488-8738-AF264B996922}.Debug|ARM64.ActiveCfg = Debug|Any CPU
		{FCC46C77-97B6-4488-8738-AF264B996922}.Debug|ARM64.Build.0 = Debug|Any CPU
		{FCC46C77-97B6-4488-8738-AF264B996922}.Debug|x64.ActiveCfg = Debug|Any CPU
		{FCC46C77-97B6-4488-8738-AF264B996922}.Debug|x64.Build.0 = Debug|Any CPU
		{FCC46C77-97B6-4488-8738-AF264B996922}.Debug|x86.ActiveCfg = Debug|Any CPU
		{FCC46C77-97B6-4488-8738-AF264B996922}.Debug|x86.Build.0 = Debug|Any CPU
		{FCC46C77-97B6-4488-8738-AF264B996922}.Release|Any CPU.ActiveCfg = Release|Any CPU
		{FCC46C77-97B6-4488-8738-AF264B996922}.Release|Any CPU.Build.0 = Release|Any CPU
		{FCC46C77-97B6-4488-8738-AF264B996922}.Release|ARM.ActiveCfg = Release|Any CPU
		{FCC46C77-97B6-4488-8738-AF264B996922}.Release|ARM.Build.0 = Release|Any CPU
		{FCC46C77-97B6-4488-8738-AF264B996922}.Release|ARM64.ActiveCfg = Release|Any CPU
		{FCC46C77-97B6-4488-8738-AF264B996922}.Release|ARM64.Build.0 = Release|Any CPU
		{FCC46C77-97B6-4488-8738-AF264B996922}.Release|x64.ActiveCfg = Release|Any CPU
		{FCC46C77-97B6-4488-8738-AF264B996922}.Release|x64.Build.0 = Release|Any CPU
		{FCC46C77-97B6-4488-8738-AF264B996922}.Release|x86.ActiveCfg = Release|Any CPU
		{FCC46C77-97B6-4488-8738-AF264B996922}.Release|x86.Build.0 = Release|Any CPU
		{90EA3365-8763-4163-905F-3F4EE36883A9}.Debug|Any CPU.ActiveCfg = Debug|Any CPU
		{90EA3365-8763-4163-905F-3F4EE36883A9}.Debug|Any CPU.Build.0 = Debug|Any CPU
		{90EA3365-8763-4163-905F-3F4EE36883A9}.Debug|ARM.ActiveCfg = Debug|Any CPU
		{90EA3365-8763-4163-905F-3F4EE36883A9}.Debug|ARM.Build.0 = Debug|Any CPU
		{90EA3365-8763-4163-905F-3F4EE36883A9}.Debug|ARM64.ActiveCfg = Debug|Any CPU
		{90EA3365-8763-4163-905F-3F4EE36883A9}.Debug|ARM64.Build.0 = Debug|Any CPU
		{90EA3365-8763-4163-905F-3F4EE36883A9}.Debug|x64.ActiveCfg = Debug|Any CPU
		{90EA3365-8763-4163-905F-3F4EE36883A9}.Debug|x64.Build.0 = Debug|Any CPU
		{90EA3365-8763-4163-905F-3F4EE36883A9}.Debug|x86.ActiveCfg = Debug|Any CPU
		{90EA3365-8763-4163-905F-3F4EE36883A9}.Debug|x86.Build.0 = Debug|Any CPU
		{90EA3365-8763-4163-905F-3F4EE36883A9}.Release|Any CPU.ActiveCfg = Release|Any CPU
		{90EA3365-8763-4163-905F-3F4EE36883A9}.Release|Any CPU.Build.0 = Release|Any CPU
		{90EA3365-8763-4163-905F-3F4EE36883A9}.Release|ARM.ActiveCfg = Release|Any CPU
		{90EA3365-8763-4163-905F-3F4EE36883A9}.Release|ARM.Build.0 = Release|Any CPU
		{90EA3365-8763-4163-905F-3F4EE36883A9}.Release|ARM64.ActiveCfg = Release|Any CPU
		{90EA3365-8763-4163-905F-3F4EE36883A9}.Release|ARM64.Build.0 = Release|Any CPU
		{90EA3365-8763-4163-905F-3F4EE36883A9}.Release|x64.ActiveCfg = Release|Any CPU
		{90EA3365-8763-4163-905F-3F4EE36883A9}.Release|x64.Build.0 = Release|Any CPU
		{90EA3365-8763-4163-905F-3F4EE36883A9}.Release|x86.ActiveCfg = Release|Any CPU
		{90EA3365-8763-4163-905F-3F4EE36883A9}.Release|x86.Build.0 = Release|Any CPU
		{9EAB1350-7B84-4546-87D7-2C03E317220E}.Debug|Any CPU.ActiveCfg = Debug|x86
		{9EAB1350-7B84-4546-87D7-2C03E317220E}.Debug|ARM.ActiveCfg = Debug|ARM
		{9EAB1350-7B84-4546-87D7-2C03E317220E}.Debug|ARM.Build.0 = Debug|ARM
		{9EAB1350-7B84-4546-87D7-2C03E317220E}.Debug|ARM.Deploy.0 = Debug|ARM
		{9EAB1350-7B84-4546-87D7-2C03E317220E}.Debug|ARM64.ActiveCfg = Debug|ARM64
		{9EAB1350-7B84-4546-87D7-2C03E317220E}.Debug|ARM64.Build.0 = Debug|ARM64
		{9EAB1350-7B84-4546-87D7-2C03E317220E}.Debug|ARM64.Deploy.0 = Debug|ARM64
		{9EAB1350-7B84-4546-87D7-2C03E317220E}.Debug|x64.ActiveCfg = Debug|x64
		{9EAB1350-7B84-4546-87D7-2C03E317220E}.Debug|x64.Build.0 = Debug|x64
		{9EAB1350-7B84-4546-87D7-2C03E317220E}.Debug|x64.Deploy.0 = Debug|x64
		{9EAB1350-7B84-4546-87D7-2C03E317220E}.Debug|x86.ActiveCfg = Debug|x86
		{9EAB1350-7B84-4546-87D7-2C03E317220E}.Debug|x86.Build.0 = Debug|x86
		{9EAB1350-7B84-4546-87D7-2C03E317220E}.Debug|x86.Deploy.0 = Debug|x86
		{9EAB1350-7B84-4546-87D7-2C03E317220E}.Release|Any CPU.ActiveCfg = Release|x86
		{9EAB1350-7B84-4546-87D7-2C03E317220E}.Release|ARM.ActiveCfg = Release|ARM
		{9EAB1350-7B84-4546-87D7-2C03E317220E}.Release|ARM.Build.0 = Release|ARM
		{9EAB1350-7B84-4546-87D7-2C03E317220E}.Release|ARM.Deploy.0 = Release|ARM
		{9EAB1350-7B84-4546-87D7-2C03E317220E}.Release|ARM64.ActiveCfg = Release|ARM64
		{9EAB1350-7B84-4546-87D7-2C03E317220E}.Release|ARM64.Build.0 = Release|ARM64
		{9EAB1350-7B84-4546-87D7-2C03E317220E}.Release|ARM64.Deploy.0 = Release|ARM64
		{9EAB1350-7B84-4546-87D7-2C03E317220E}.Release|x64.ActiveCfg = Release|x64
		{9EAB1350-7B84-4546-87D7-2C03E317220E}.Release|x64.Build.0 = Release|x64
		{9EAB1350-7B84-4546-87D7-2C03E317220E}.Release|x64.Deploy.0 = Release|x64
		{9EAB1350-7B84-4546-87D7-2C03E317220E}.Release|x86.ActiveCfg = Release|x86
		{9EAB1350-7B84-4546-87D7-2C03E317220E}.Release|x86.Build.0 = Release|x86
		{9EAB1350-7B84-4546-87D7-2C03E317220E}.Release|x86.Deploy.0 = Release|x86
		{F0A50D88-BF53-4772-9057-B1F89442D4C4}.Debug|Any CPU.ActiveCfg = Debug|Any CPU
		{F0A50D88-BF53-4772-9057-B1F89442D4C4}.Debug|Any CPU.Build.0 = Debug|Any CPU
		{F0A50D88-BF53-4772-9057-B1F89442D4C4}.Debug|ARM.ActiveCfg = Debug|Any CPU
		{F0A50D88-BF53-4772-9057-B1F89442D4C4}.Debug|ARM.Build.0 = Debug|Any CPU
		{F0A50D88-BF53-4772-9057-B1F89442D4C4}.Debug|ARM64.ActiveCfg = Debug|Any CPU
		{F0A50D88-BF53-4772-9057-B1F89442D4C4}.Debug|ARM64.Build.0 = Debug|Any CPU
		{F0A50D88-BF53-4772-9057-B1F89442D4C4}.Debug|x64.ActiveCfg = Debug|Any CPU
		{F0A50D88-BF53-4772-9057-B1F89442D4C4}.Debug|x64.Build.0 = Debug|Any CPU
		{F0A50D88-BF53-4772-9057-B1F89442D4C4}.Debug|x86.ActiveCfg = Debug|Any CPU
		{F0A50D88-BF53-4772-9057-B1F89442D4C4}.Debug|x86.Build.0 = Debug|Any CPU
		{F0A50D88-BF53-4772-9057-B1F89442D4C4}.Release|Any CPU.ActiveCfg = Release|Any CPU
		{F0A50D88-BF53-4772-9057-B1F89442D4C4}.Release|Any CPU.Build.0 = Release|Any CPU
		{F0A50D88-BF53-4772-9057-B1F89442D4C4}.Release|ARM.ActiveCfg = Release|Any CPU
		{F0A50D88-BF53-4772-9057-B1F89442D4C4}.Release|ARM.Build.0 = Release|Any CPU
		{F0A50D88-BF53-4772-9057-B1F89442D4C4}.Release|ARM64.ActiveCfg = Release|Any CPU
		{F0A50D88-BF53-4772-9057-B1F89442D4C4}.Release|ARM64.Build.0 = Release|Any CPU
		{F0A50D88-BF53-4772-9057-B1F89442D4C4}.Release|x64.ActiveCfg = Release|Any CPU
		{F0A50D88-BF53-4772-9057-B1F89442D4C4}.Release|x64.Build.0 = Release|Any CPU
		{F0A50D88-BF53-4772-9057-B1F89442D4C4}.Release|x86.ActiveCfg = Release|Any CPU
		{F0A50D88-BF53-4772-9057-B1F89442D4C4}.Release|x86.Build.0 = Release|Any CPU
		{81924AC4-C08F-4E9B-BD05-FB7F75291609}.Debug|Any CPU.ActiveCfg = Debug|Any CPU
		{81924AC4-C08F-4E9B-BD05-FB7F75291609}.Debug|Any CPU.Build.0 = Debug|Any CPU
		{81924AC4-C08F-4E9B-BD05-FB7F75291609}.Debug|ARM.ActiveCfg = Debug|Any CPU
		{81924AC4-C08F-4E9B-BD05-FB7F75291609}.Debug|ARM.Build.0 = Debug|Any CPU
		{81924AC4-C08F-4E9B-BD05-FB7F75291609}.Debug|ARM64.ActiveCfg = Debug|Any CPU
		{81924AC4-C08F-4E9B-BD05-FB7F75291609}.Debug|ARM64.Build.0 = Debug|Any CPU
		{81924AC4-C08F-4E9B-BD05-FB7F75291609}.Debug|x64.ActiveCfg = Debug|Any CPU
		{81924AC4-C08F-4E9B-BD05-FB7F75291609}.Debug|x64.Build.0 = Debug|Any CPU
		{81924AC4-C08F-4E9B-BD05-FB7F75291609}.Debug|x86.ActiveCfg = Debug|Any CPU
		{81924AC4-C08F-4E9B-BD05-FB7F75291609}.Debug|x86.Build.0 = Debug|Any CPU
		{81924AC4-C08F-4E9B-BD05-FB7F75291609}.Release|Any CPU.ActiveCfg = Release|Any CPU
		{81924AC4-C08F-4E9B-BD05-FB7F75291609}.Release|Any CPU.Build.0 = Release|Any CPU
		{81924AC4-C08F-4E9B-BD05-FB7F75291609}.Release|ARM.ActiveCfg = Release|Any CPU
		{81924AC4-C08F-4E9B-BD05-FB7F75291609}.Release|ARM.Build.0 = Release|Any CPU
		{81924AC4-C08F-4E9B-BD05-FB7F75291609}.Release|ARM64.ActiveCfg = Release|Any CPU
		{81924AC4-C08F-4E9B-BD05-FB7F75291609}.Release|ARM64.Build.0 = Release|Any CPU
		{81924AC4-C08F-4E9B-BD05-FB7F75291609}.Release|x64.ActiveCfg = Release|Any CPU
		{81924AC4-C08F-4E9B-BD05-FB7F75291609}.Release|x64.Build.0 = Release|Any CPU
		{81924AC4-C08F-4E9B-BD05-FB7F75291609}.Release|x86.ActiveCfg = Release|Any CPU
		{81924AC4-C08F-4E9B-BD05-FB7F75291609}.Release|x86.Build.0 = Release|Any CPU
		{3D70F4CE-2E91-43DE-B278-D75B06C4B38E}.Debug|Any CPU.ActiveCfg = Debug|Any CPU
		{3D70F4CE-2E91-43DE-B278-D75B06C4B38E}.Debug|Any CPU.Build.0 = Debug|Any CPU
		{3D70F4CE-2E91-43DE-B278-D75B06C4B38E}.Debug|ARM.ActiveCfg = Debug|Any CPU
		{3D70F4CE-2E91-43DE-B278-D75B06C4B38E}.Debug|ARM.Build.0 = Debug|Any CPU
		{3D70F4CE-2E91-43DE-B278-D75B06C4B38E}.Debug|ARM64.ActiveCfg = Debug|Any CPU
		{3D70F4CE-2E91-43DE-B278-D75B06C4B38E}.Debug|ARM64.Build.0 = Debug|Any CPU
		{3D70F4CE-2E91-43DE-B278-D75B06C4B38E}.Debug|x64.ActiveCfg = Debug|Any CPU
		{3D70F4CE-2E91-43DE-B278-D75B06C4B38E}.Debug|x64.Build.0 = Debug|Any CPU
		{3D70F4CE-2E91-43DE-B278-D75B06C4B38E}.Debug|x86.ActiveCfg = Debug|Any CPU
		{3D70F4CE-2E91-43DE-B278-D75B06C4B38E}.Debug|x86.Build.0 = Debug|Any CPU
		{3D70F4CE-2E91-43DE-B278-D75B06C4B38E}.Release|Any CPU.ActiveCfg = Release|Any CPU
		{3D70F4CE-2E91-43DE-B278-D75B06C4B38E}.Release|Any CPU.Build.0 = Release|Any CPU
		{3D70F4CE-2E91-43DE-B278-D75B06C4B38E}.Release|ARM.ActiveCfg = Release|Any CPU
		{3D70F4CE-2E91-43DE-B278-D75B06C4B38E}.Release|ARM.Build.0 = Release|Any CPU
		{3D70F4CE-2E91-43DE-B278-D75B06C4B38E}.Release|ARM64.ActiveCfg = Release|Any CPU
		{3D70F4CE-2E91-43DE-B278-D75B06C4B38E}.Release|ARM64.Build.0 = Release|Any CPU
		{3D70F4CE-2E91-43DE-B278-D75B06C4B38E}.Release|x64.ActiveCfg = Release|Any CPU
		{3D70F4CE-2E91-43DE-B278-D75B06C4B38E}.Release|x64.Build.0 = Release|Any CPU
		{3D70F4CE-2E91-43DE-B278-D75B06C4B38E}.Release|x86.ActiveCfg = Release|Any CPU
		{3D70F4CE-2E91-43DE-B278-D75B06C4B38E}.Release|x86.Build.0 = Release|Any CPU
		{5332B938-2158-4C3C-968A-630BFBE5D4D5}.Debug|Any CPU.ActiveCfg = Debug|Any CPU
		{5332B938-2158-4C3C-968A-630BFBE5D4D5}.Debug|Any CPU.Build.0 = Debug|Any CPU
		{5332B938-2158-4C3C-968A-630BFBE5D4D5}.Debug|ARM.ActiveCfg = Debug|Any CPU
		{5332B938-2158-4C3C-968A-630BFBE5D4D5}.Debug|ARM.Build.0 = Debug|Any CPU
		{5332B938-2158-4C3C-968A-630BFBE5D4D5}.Debug|ARM64.ActiveCfg = Debug|Any CPU
		{5332B938-2158-4C3C-968A-630BFBE5D4D5}.Debug|ARM64.Build.0 = Debug|Any CPU
		{5332B938-2158-4C3C-968A-630BFBE5D4D5}.Debug|x64.ActiveCfg = Debug|Any CPU
		{5332B938-2158-4C3C-968A-630BFBE5D4D5}.Debug|x64.Build.0 = Debug|Any CPU
		{5332B938-2158-4C3C-968A-630BFBE5D4D5}.Debug|x86.ActiveCfg = Debug|Any CPU
		{5332B938-2158-4C3C-968A-630BFBE5D4D5}.Debug|x86.Build.0 = Debug|Any CPU
		{5332B938-2158-4C3C-968A-630BFBE5D4D5}.Release|Any CPU.ActiveCfg = Release|Any CPU
		{5332B938-2158-4C3C-968A-630BFBE5D4D5}.Release|Any CPU.Build.0 = Release|Any CPU
		{5332B938-2158-4C3C-968A-630BFBE5D4D5}.Release|ARM.ActiveCfg = Release|Any CPU
		{5332B938-2158-4C3C-968A-630BFBE5D4D5}.Release|ARM.Build.0 = Release|Any CPU
		{5332B938-2158-4C3C-968A-630BFBE5D4D5}.Release|ARM64.ActiveCfg = Release|Any CPU
		{5332B938-2158-4C3C-968A-630BFBE5D4D5}.Release|ARM64.Build.0 = Release|Any CPU
		{5332B938-2158-4C3C-968A-630BFBE5D4D5}.Release|x64.ActiveCfg = Release|Any CPU
		{5332B938-2158-4C3C-968A-630BFBE5D4D5}.Release|x64.Build.0 = Release|Any CPU
		{5332B938-2158-4C3C-968A-630BFBE5D4D5}.Release|x86.ActiveCfg = Release|Any CPU
		{5332B938-2158-4C3C-968A-630BFBE5D4D5}.Release|x86.Build.0 = Release|Any CPU
		{5E8B5AE3-C39B-4BA3-B5AA-E9EAD02104D2}.Debug|Any CPU.ActiveCfg = Debug|x86
		{5E8B5AE3-C39B-4BA3-B5AA-E9EAD02104D2}.Debug|ARM.ActiveCfg = Debug|ARM
		{5E8B5AE3-C39B-4BA3-B5AA-E9EAD02104D2}.Debug|ARM.Build.0 = Debug|ARM
		{5E8B5AE3-C39B-4BA3-B5AA-E9EAD02104D2}.Debug|ARM.Deploy.0 = Debug|ARM
		{5E8B5AE3-C39B-4BA3-B5AA-E9EAD02104D2}.Debug|ARM64.ActiveCfg = Debug|ARM64
		{5E8B5AE3-C39B-4BA3-B5AA-E9EAD02104D2}.Debug|ARM64.Build.0 = Debug|ARM64
		{5E8B5AE3-C39B-4BA3-B5AA-E9EAD02104D2}.Debug|ARM64.Deploy.0 = Debug|ARM64
		{5E8B5AE3-C39B-4BA3-B5AA-E9EAD02104D2}.Debug|x64.ActiveCfg = Debug|x64
		{5E8B5AE3-C39B-4BA3-B5AA-E9EAD02104D2}.Debug|x64.Build.0 = Debug|x64
		{5E8B5AE3-C39B-4BA3-B5AA-E9EAD02104D2}.Debug|x64.Deploy.0 = Debug|x64
		{5E8B5AE3-C39B-4BA3-B5AA-E9EAD02104D2}.Debug|x86.ActiveCfg = Debug|x86
		{5E8B5AE3-C39B-4BA3-B5AA-E9EAD02104D2}.Debug|x86.Build.0 = Debug|x86
		{5E8B5AE3-C39B-4BA3-B5AA-E9EAD02104D2}.Debug|x86.Deploy.0 = Debug|x86
		{5E8B5AE3-C39B-4BA3-B5AA-E9EAD02104D2}.Release|Any CPU.ActiveCfg = Release|x86
		{5E8B5AE3-C39B-4BA3-B5AA-E9EAD02104D2}.Release|ARM.ActiveCfg = Release|ARM
		{5E8B5AE3-C39B-4BA3-B5AA-E9EAD02104D2}.Release|ARM.Build.0 = Release|ARM
		{5E8B5AE3-C39B-4BA3-B5AA-E9EAD02104D2}.Release|ARM.Deploy.0 = Release|ARM
		{5E8B5AE3-C39B-4BA3-B5AA-E9EAD02104D2}.Release|ARM64.ActiveCfg = Release|ARM64
		{5E8B5AE3-C39B-4BA3-B5AA-E9EAD02104D2}.Release|ARM64.Build.0 = Release|ARM64
		{5E8B5AE3-C39B-4BA3-B5AA-E9EAD02104D2}.Release|ARM64.Deploy.0 = Release|ARM64
		{5E8B5AE3-C39B-4BA3-B5AA-E9EAD02104D2}.Release|x64.ActiveCfg = Release|x64
		{5E8B5AE3-C39B-4BA3-B5AA-E9EAD02104D2}.Release|x64.Build.0 = Release|x64
		{5E8B5AE3-C39B-4BA3-B5AA-E9EAD02104D2}.Release|x64.Deploy.0 = Release|x64
		{5E8B5AE3-C39B-4BA3-B5AA-E9EAD02104D2}.Release|x86.ActiveCfg = Release|x86
		{5E8B5AE3-C39B-4BA3-B5AA-E9EAD02104D2}.Release|x86.Build.0 = Release|x86
		{5E8B5AE3-C39B-4BA3-B5AA-E9EAD02104D2}.Release|x86.Deploy.0 = Release|x86
		{EF2BC539-1E73-40B0-9E84-C3FE223BD6D6}.Debug|Any CPU.ActiveCfg = Debug|Any CPU
		{EF2BC539-1E73-40B0-9E84-C3FE223BD6D6}.Debug|Any CPU.Build.0 = Debug|Any CPU
		{EF2BC539-1E73-40B0-9E84-C3FE223BD6D6}.Debug|ARM.ActiveCfg = Debug|Any CPU
		{EF2BC539-1E73-40B0-9E84-C3FE223BD6D6}.Debug|ARM.Build.0 = Debug|Any CPU
		{EF2BC539-1E73-40B0-9E84-C3FE223BD6D6}.Debug|ARM64.ActiveCfg = Debug|Any CPU
		{EF2BC539-1E73-40B0-9E84-C3FE223BD6D6}.Debug|ARM64.Build.0 = Debug|Any CPU
		{EF2BC539-1E73-40B0-9E84-C3FE223BD6D6}.Debug|x64.ActiveCfg = Debug|Any CPU
		{EF2BC539-1E73-40B0-9E84-C3FE223BD6D6}.Debug|x64.Build.0 = Debug|Any CPU
		{EF2BC539-1E73-40B0-9E84-C3FE223BD6D6}.Debug|x86.ActiveCfg = Debug|Any CPU
		{EF2BC539-1E73-40B0-9E84-C3FE223BD6D6}.Debug|x86.Build.0 = Debug|Any CPU
		{EF2BC539-1E73-40B0-9E84-C3FE223BD6D6}.Release|Any CPU.ActiveCfg = Release|Any CPU
		{EF2BC539-1E73-40B0-9E84-C3FE223BD6D6}.Release|Any CPU.Build.0 = Release|Any CPU
		{EF2BC539-1E73-40B0-9E84-C3FE223BD6D6}.Release|ARM.ActiveCfg = Release|Any CPU
		{EF2BC539-1E73-40B0-9E84-C3FE223BD6D6}.Release|ARM.Build.0 = Release|Any CPU
		{EF2BC539-1E73-40B0-9E84-C3FE223BD6D6}.Release|ARM64.ActiveCfg = Release|Any CPU
		{EF2BC539-1E73-40B0-9E84-C3FE223BD6D6}.Release|ARM64.Build.0 = Release|Any CPU
		{EF2BC539-1E73-40B0-9E84-C3FE223BD6D6}.Release|x64.ActiveCfg = Release|Any CPU
		{EF2BC539-1E73-40B0-9E84-C3FE223BD6D6}.Release|x64.Build.0 = Release|Any CPU
		{EF2BC539-1E73-40B0-9E84-C3FE223BD6D6}.Release|x86.ActiveCfg = Release|Any CPU
		{EF2BC539-1E73-40B0-9E84-C3FE223BD6D6}.Release|x86.Build.0 = Release|Any CPU
		{07376E2B-1FF8-4A6F-8EE7-BAB87983BE93}.Debug|Any CPU.ActiveCfg = Debug|Any CPU
		{07376E2B-1FF8-4A6F-8EE7-BAB87983BE93}.Debug|Any CPU.Build.0 = Debug|Any CPU
		{07376E2B-1FF8-4A6F-8EE7-BAB87983BE93}.Debug|ARM.ActiveCfg = Debug|Any CPU
		{07376E2B-1FF8-4A6F-8EE7-BAB87983BE93}.Debug|ARM.Build.0 = Debug|Any CPU
		{07376E2B-1FF8-4A6F-8EE7-BAB87983BE93}.Debug|ARM64.ActiveCfg = Debug|Any CPU
		{07376E2B-1FF8-4A6F-8EE7-BAB87983BE93}.Debug|ARM64.Build.0 = Debug|Any CPU
		{07376E2B-1FF8-4A6F-8EE7-BAB87983BE93}.Debug|x64.ActiveCfg = Debug|Any CPU
		{07376E2B-1FF8-4A6F-8EE7-BAB87983BE93}.Debug|x64.Build.0 = Debug|Any CPU
		{07376E2B-1FF8-4A6F-8EE7-BAB87983BE93}.Debug|x86.ActiveCfg = Debug|Any CPU
		{07376E2B-1FF8-4A6F-8EE7-BAB87983BE93}.Debug|x86.Build.0 = Debug|Any CPU
		{07376E2B-1FF8-4A6F-8EE7-BAB87983BE93}.Release|Any CPU.ActiveCfg = Release|Any CPU
		{07376E2B-1FF8-4A6F-8EE7-BAB87983BE93}.Release|Any CPU.Build.0 = Release|Any CPU
		{07376E2B-1FF8-4A6F-8EE7-BAB87983BE93}.Release|ARM.ActiveCfg = Release|Any CPU
		{07376E2B-1FF8-4A6F-8EE7-BAB87983BE93}.Release|ARM.Build.0 = Release|Any CPU
		{07376E2B-1FF8-4A6F-8EE7-BAB87983BE93}.Release|ARM64.ActiveCfg = Release|Any CPU
		{07376E2B-1FF8-4A6F-8EE7-BAB87983BE93}.Release|ARM64.Build.0 = Release|Any CPU
		{07376E2B-1FF8-4A6F-8EE7-BAB87983BE93}.Release|x64.ActiveCfg = Release|Any CPU
		{07376E2B-1FF8-4A6F-8EE7-BAB87983BE93}.Release|x64.Build.0 = Release|Any CPU
		{07376E2B-1FF8-4A6F-8EE7-BAB87983BE93}.Release|x86.ActiveCfg = Release|Any CPU
		{07376E2B-1FF8-4A6F-8EE7-BAB87983BE93}.Release|x86.Build.0 = Release|Any CPU
	EndGlobalSection
	GlobalSection(SolutionProperties) = preSolution
		HideSolutionNode = FALSE
	EndGlobalSection
	GlobalSection(NestedProjects) = preSolution
		{7189C677-1C79-4C43-A249-311FAE276591} = {C36AA9CF-0BE2-45AD-95B3-5B28F55E7C6F}
		{3C9680BF-C7CD-4839-9487-79850CCE180C} = {C36AA9CF-0BE2-45AD-95B3-5B28F55E7C6F}
		{FCDB6358-94B5-48FE-A3BC-696280F1E896} = {C36AA9CF-0BE2-45AD-95B3-5B28F55E7C6F}
		{65D5D300-44FE-446A-8F6D-6CF68B69023A} = {C36AA9CF-0BE2-45AD-95B3-5B28F55E7C6F}
		{7D4AFE36-1589-4AAB-9D15-85DEBE74DDF6} = {C36AA9CF-0BE2-45AD-95B3-5B28F55E7C6F}
		{3828A883-B771-4E6B-B004-E521B6D7AD52} = {C36AA9CF-0BE2-45AD-95B3-5B28F55E7C6F}
		{28A29566-6128-4FCA-92D7-8B5E01CB5960} = {C36AA9CF-0BE2-45AD-95B3-5B28F55E7C6F}
		{CA80195C-80FD-4698-82CF-6260175D928C} = {C36AA9CF-0BE2-45AD-95B3-5B28F55E7C6F}
		{6E5DB5ED-80F1-4DC7-BEED-B3DDB6149F51} = {C36AA9CF-0BE2-45AD-95B3-5B28F55E7C6F}
		{A5B0727D-FA08-4BFD-A04B-5E54183AD55C} = {C36AA9CF-0BE2-45AD-95B3-5B28F55E7C6F}
		{A89FC9B1-9C6C-4F43-8E70-1669955F8435} = {C36AA9CF-0BE2-45AD-95B3-5B28F55E7C6F}
		{B7A9DB2D-EEE5-44B5-9F09-2B044C48E25D} = {C36AA9CF-0BE2-45AD-95B3-5B28F55E7C6F}
		{035D0B2D-A55D-42ED-A654-44661E48A2F7} = {C36AA9CF-0BE2-45AD-95B3-5B28F55E7C6F}
		{10C32A17-857E-4FF9-94D6-755DEB531AF1} = {600436D8-B218-4FC2-B2E0-90279B1D37D5}
		{8113C8D2-D1FC-48AD-81D3-905E11506F09} = {600436D8-B218-4FC2-B2E0-90279B1D37D5}
		{39D5EB9A-C11D-4C8B-B949-A0426E2CAF86} = {600436D8-B218-4FC2-B2E0-90279B1D37D5}
		{D5925745-10EA-4AA5-BB42-7EED3857D102} = {600436D8-B218-4FC2-B2E0-90279B1D37D5}
		{581E99A0-CDD6-4E74-BA71-8C3C4BA909F5} = {600436D8-B218-4FC2-B2E0-90279B1D37D5}
		{4BFFB5F9-7D13-4319-9BD2-88EC532907FF} = {600436D8-B218-4FC2-B2E0-90279B1D37D5}
		{7E0B9E2B-EEEC-4699-ADBC-2493DA23B9B4} = {600436D8-B218-4FC2-B2E0-90279B1D37D5}
		{2F85966A-48B1-4AC6-8ABE-D3E82E2BCCBF} = {600436D8-B218-4FC2-B2E0-90279B1D37D5}
		{FCC46C77-97B6-4488-8738-AF264B996922} = {600436D8-B218-4FC2-B2E0-90279B1D37D5}
		{90EA3365-8763-4163-905F-3F4EE36883A9} = {600436D8-B218-4FC2-B2E0-90279B1D37D5}
		{9EAB1350-7B84-4546-87D7-2C03E317220E} = {600436D8-B218-4FC2-B2E0-90279B1D37D5}
		{F0A50D88-BF53-4772-9057-B1F89442D4C4} = {FC51DC02-2A9C-43A7-951A-9083E1A19E8C}
		{58AC244E-38E5-4165-A25E-FEDAD3AD26C2} = {FC51DC02-2A9C-43A7-951A-9083E1A19E8C}
		{81924AC4-C08F-4E9B-BD05-FB7F75291609} = {FC51DC02-2A9C-43A7-951A-9083E1A19E8C}
		{3D70F4CE-2E91-43DE-B278-D75B06C4B38E} = {C36AA9CF-0BE2-45AD-95B3-5B28F55E7C6F}
		{5332B938-2158-4C3C-968A-630BFBE5D4D5} = {C36AA9CF-0BE2-45AD-95B3-5B28F55E7C6F}
		{5E8B5AE3-C39B-4BA3-B5AA-E9EAD02104D2} = {FC51DC02-2A9C-43A7-951A-9083E1A19E8C}
		{EF2BC539-1E73-40B0-9E84-C3FE223BD6D6} = {600436D8-B218-4FC2-B2E0-90279B1D37D5}
		{07376E2B-1FF8-4A6F-8EE7-BAB87983BE93} = {FC51DC02-2A9C-43A7-951A-9083E1A19E8C}
	EndGlobalSection
	GlobalSection(ExtensibilityGlobals) = postSolution
		SolutionGuid = {1E1277E6-952C-4650-83D5-16EB364C4FC7}
	EndGlobalSection
EndGlobal
