Microsoft Visual Studio Solution File, Format Version 12.00
# Visual Studio Version 17
VisualStudioVersion = 17.5.2.0
MinimumVisualStudioVersion = 10.0.40219.1
Project("{FAE04EC0-301F-11D3-BF4B-00C04F79EFBC}") = "ISynergy.Framework.Logging.ApplicationInsights", "ISynergy.Framework.Logging.ApplicationInsights.csproj", "{928874A1-4363-8F1F-2824-6375193DE314}"
EndProject
Global
	GlobalSection(SolutionConfigurationPlatforms) = preSolution
		Debug|Any CPU = Debug|Any CPU
		Release|Any CPU = Release|Any CPU
	EndGlobalSection
	GlobalSection(ProjectConfigurationPlatforms) = postSolution
		{928874A1-4363-8F1F-2824-6375193DE314}.Debug|Any CPU.ActiveCfg = Debug|Any CPU
		{928874A1-4363-8F1F-2824-6375193DE314}.Debug|Any CPU.Build.0 = Debug|Any CPU
		{928874A1-4363-8F1F-2824-6375193DE314}.Release|Any CPU.ActiveCfg = Release|Any CPU
		{928874A1-4363-8F1F-2824-6375193DE314}.Release|Any CPU.Build.0 = Release|Any CPU
	EndGlobalSection
	GlobalSection(SolutionProperties) = preSolution
		HideSolutionNode = FALSE
	EndGlobalSection
	GlobalSection(ExtensibilityGlobals) = postSolution
		SolutionGuid = {0220761A-FFE0-448D-847A-B4211185A789}
	EndGlobalSection
EndGlobal
