
Microsoft Visual Studio Solution File, Format Version 12.00
# Visual Studio Version 17
VisualStudioVersion = 17.5.002.0
MinimumVisualStudioVersion = 10.0.40219.1
Project("{9A19103F-16F7-4668-BE54-9A1E7A4F7556}") = "Sample.Uno.Mobile", "Sample.Uno.Mobile.csproj", "{10A3F56F-6EB1-40EC-AFBF-A8BD1BD84FC3}"
EndProject
Global
	GlobalSection(SolutionConfigurationPlatforms) = preSolution
		Debug|Any CPU = Debug|Any CPU
		Release|Any CPU = Release|Any CPU
	EndGlobalSection
	GlobalSection(ProjectConfigurationPlatforms) = postSolution
		{10A3F56F-6EB1-40EC-AFBF-A8BD1BD84FC3}.Debug|Any CPU.ActiveCfg = Debug|Any CPU
		{10A3F56F-6EB1-40EC-AFBF-A8BD1BD84FC3}.Debug|Any CPU.Build.0 = Debug|Any CPU
		{10A3F56F-6EB1-40EC-AFBF-A8BD1BD84FC3}.Release|Any CPU.ActiveCfg = Release|Any CPU
		{10A3F56F-6EB1-40EC-AFBF-A8BD1BD84FC3}.Release|Any CPU.Build.0 = Release|Any CPU
	EndGlobalSection
	GlobalSection(SolutionProperties) = preSolution
		HideSolutionNode = FALSE
	EndGlobalSection
	GlobalSection(ExtensibilityGlobals) = postSolution
		SolutionGuid = {53280D6D-4850-4D72-883E-6DFE1A3D5077}
	EndGlobalSection
EndGlobal
