
Microsoft Visual Studio Solution File, Format Version 12.00
# Visual Studio Version 17
VisualStudioVersion = 17.5.001.0
MinimumVisualStudioVersion = 10.0.40219.1
Project("{9A19103F-16F7-4668-BE54-9A1E7A4F7556}") = "Sample.Mobile", "Sample.Mobile.csproj", "{C1BE5247-C98A-4970-B016-26F1948CAA2D}"
EndProject
Global
	GlobalSection(SolutionConfigurationPlatforms) = preSolution
		Debug|Any CPU = Debug|Any CPU
		Release|Any CPU = Release|Any CPU
	EndGlobalSection
	GlobalSection(ProjectConfigurationPlatforms) = postSolution
		{C1BE5247-C98A-4970-B016-26F1948CAA2D}.Debug|Any CPU.ActiveCfg = Debug|Any CPU
		{C1BE5247-C98A-4970-B016-26F1948CAA2D}.Debug|Any CPU.Build.0 = Debug|Any CPU
		{C1BE5247-C98A-4970-B016-26F1948CAA2D}.Release|Any CPU.ActiveCfg = Release|Any CPU
		{C1BE5247-C98A-4970-B016-26F1948CAA2D}.Release|Any CPU.Build.0 = Release|Any CPU
	EndGlobalSection
	GlobalSection(SolutionProperties) = preSolution
		HideSolutionNode = FALSE
	EndGlobalSection
	GlobalSection(ExtensibilityGlobals) = postSolution
		SolutionGuid = {72B748B4-00C9-4992-8F61-917CD397C79A}
	EndGlobalSection
EndGlobal
